// !$*UTF8*$!
{
	archiveVersion = 1;
	classes = {
	};
	objectVersion = 46;
	objects = {

/* Begin PBXBuildFile section */
		753F06FB16B183FF004C3351 /* AFHTTPClient.h in Headers */ = {isa = PBXBuildFile; fileRef = 753F06E816B183FF004C3351 /* AFHTTPClient.h */; settings = {ATTRIBUTES = (Public, ); }; };
		753F06FD16B183FF004C3351 /* AFHTTPClient.m in Sources */ = {isa = PBXBuildFile; fileRef = 753F06E916B183FF004C3351 /* AFHTTPClient.m */; };
		753F06FE16B183FF004C3351 /* AFHTTPClient.m in Sources */ = {isa = PBXBuildFile; fileRef = 753F06E916B183FF004C3351 /* AFHTTPClient.m */; };
		753F06FF16B183FF004C3351 /* AFHTTPRequestOperation.h in Headers */ = {isa = PBXBuildFile; fileRef = 753F06EA16B183FF004C3351 /* AFHTTPRequestOperation.h */; settings = {ATTRIBUTES = (Public, ); }; };
		753F070116B183FF004C3351 /* AFHTTPRequestOperation.m in Sources */ = {isa = PBXBuildFile; fileRef = 753F06EB16B183FF004C3351 /* AFHTTPRequestOperation.m */; };
		753F070216B183FF004C3351 /* AFHTTPRequestOperation.m in Sources */ = {isa = PBXBuildFile; fileRef = 753F06EB16B183FF004C3351 /* AFHTTPRequestOperation.m */; };
		753F070316B183FF004C3351 /* AFImageRequestOperation.h in Headers */ = {isa = PBXBuildFile; fileRef = 753F06EC16B183FF004C3351 /* AFImageRequestOperation.h */; settings = {ATTRIBUTES = (Public, ); }; };
		753F070516B183FF004C3351 /* AFImageRequestOperation.m in Sources */ = {isa = PBXBuildFile; fileRef = 753F06ED16B183FF004C3351 /* AFImageRequestOperation.m */; };
		753F070616B183FF004C3351 /* AFImageRequestOperation.m in Sources */ = {isa = PBXBuildFile; fileRef = 753F06ED16B183FF004C3351 /* AFImageRequestOperation.m */; };
		753F070716B183FF004C3351 /* AFJSONRequestOperation.h in Headers */ = {isa = PBXBuildFile; fileRef = 753F06EE16B183FF004C3351 /* AFJSONRequestOperation.h */; settings = {ATTRIBUTES = (Public, ); }; };
		753F070916B183FF004C3351 /* AFJSONRequestOperation.m in Sources */ = {isa = PBXBuildFile; fileRef = 753F06EF16B183FF004C3351 /* AFJSONRequestOperation.m */; };
		753F070A16B183FF004C3351 /* AFJSONRequestOperation.m in Sources */ = {isa = PBXBuildFile; fileRef = 753F06EF16B183FF004C3351 /* AFJSONRequestOperation.m */; };
		753F070B16B183FF004C3351 /* AFNetworkActivityIndicatorManager.h in Headers */ = {isa = PBXBuildFile; fileRef = 753F06F016B183FF004C3351 /* AFNetworkActivityIndicatorManager.h */; settings = {ATTRIBUTES = (Public, ); }; };
		753F070D16B183FF004C3351 /* AFNetworkActivityIndicatorManager.m in Sources */ = {isa = PBXBuildFile; fileRef = 753F06F116B183FF004C3351 /* AFNetworkActivityIndicatorManager.m */; };
		753F070E16B183FF004C3351 /* AFNetworkActivityIndicatorManager.m in Sources */ = {isa = PBXBuildFile; fileRef = 753F06F116B183FF004C3351 /* AFNetworkActivityIndicatorManager.m */; };
		753F070F16B183FF004C3351 /* AFNetworking.h in Headers */ = {isa = PBXBuildFile; fileRef = 753F06F216B183FF004C3351 /* AFNetworking.h */; settings = {ATTRIBUTES = (Public, ); }; };
		753F071116B183FF004C3351 /* AFPropertyListRequestOperation.h in Headers */ = {isa = PBXBuildFile; fileRef = 753F06F316B183FF004C3351 /* AFPropertyListRequestOperation.h */; settings = {ATTRIBUTES = (Public, ); }; };
		753F071316B183FF004C3351 /* AFPropertyListRequestOperation.m in Sources */ = {isa = PBXBuildFile; fileRef = 753F06F416B183FF004C3351 /* AFPropertyListRequestOperation.m */; };
		753F071416B183FF004C3351 /* AFPropertyListRequestOperation.m in Sources */ = {isa = PBXBuildFile; fileRef = 753F06F416B183FF004C3351 /* AFPropertyListRequestOperation.m */; };
		753F071516B183FF004C3351 /* AFURLConnectionOperation.h in Headers */ = {isa = PBXBuildFile; fileRef = 753F06F516B183FF004C3351 /* AFURLConnectionOperation.h */; settings = {ATTRIBUTES = (Public, ); }; };
		753F071716B183FF004C3351 /* AFURLConnectionOperation.m in Sources */ = {isa = PBXBuildFile; fileRef = 753F06F616B183FF004C3351 /* AFURLConnectionOperation.m */; };
		753F071816B183FF004C3351 /* AFURLConnectionOperation.m in Sources */ = {isa = PBXBuildFile; fileRef = 753F06F616B183FF004C3351 /* AFURLConnectionOperation.m */; };
		753F071916B183FF004C3351 /* AFXMLRequestOperation.h in Headers */ = {isa = PBXBuildFile; fileRef = 753F06F716B183FF004C3351 /* AFXMLRequestOperation.h */; settings = {ATTRIBUTES = (Public, ); }; };
		753F071B16B183FF004C3351 /* AFXMLRequestOperation.m in Sources */ = {isa = PBXBuildFile; fileRef = 753F06F816B183FF004C3351 /* AFXMLRequestOperation.m */; };
		753F071C16B183FF004C3351 /* AFXMLRequestOperation.m in Sources */ = {isa = PBXBuildFile; fileRef = 753F06F816B183FF004C3351 /* AFXMLRequestOperation.m */; };
		753F071D16B183FF004C3351 /* UIImageView+AFNetworking.h in Headers */ = {isa = PBXBuildFile; fileRef = 753F06F916B183FF004C3351 /* UIImageView+AFNetworking.h */; settings = {ATTRIBUTES = (Public, ); }; };
		753F071F16B183FF004C3351 /* UIImageView+AFNetworking.m in Sources */ = {isa = PBXBuildFile; fileRef = 753F06FA16B183FF004C3351 /* UIImageView+AFNetworking.m */; };
		753F072016B183FF004C3351 /* UIImageView+AFNetworking.m in Sources */ = {isa = PBXBuildFile; fileRef = 753F06FA16B183FF004C3351 /* UIImageView+AFNetworking.m */; };
		753F072716B1878B004C3351 /* Foundation.framework in Frameworks */ = {isa = PBXBuildFile; fileRef = 755DDDD716AEF68F00AA8D29 /* Foundation.framework */; };
		753F072916B18967004C3351 /* MobileCoreServices.framework in Frameworks */ = {isa = PBXBuildFile; fileRef = 753F072816B18967004C3351 /* MobileCoreServices.framework */; };
		753F072B16B1896D004C3351 /* SystemConfiguration.framework in Frameworks */ = {isa = PBXBuildFile; fileRef = 753F072A16B1896D004C3351 /* SystemConfiguration.framework */; };
		753F072D16B18ED1004C3351 /* SystemConfiguration.framework in Frameworks */ = {isa = PBXBuildFile; fileRef = 753F072C16B18ED1004C3351 /* SystemConfiguration.framework */; };
		753F073B16B198F0004C3351 /* SPReachabilityReporter.h in Headers */ = {isa = PBXBuildFile; fileRef = 753F073716B198F0004C3351 /* SPReachabilityReporter.h */; settings = {ATTRIBUTES = (Public, ); }; };
		753F073D16B198F0004C3351 /* SPRequestManager.h in Headers */ = {isa = PBXBuildFile; fileRef = 753F073816B198F0004C3351 /* SPRequestManager.h */; settings = {ATTRIBUTES = (Public, ); }; };
		753F073F16B198F0004C3351 /* SPRequestManager.m in Sources */ = {isa = PBXBuildFile; fileRef = 753F073916B198F0004C3351 /* SPRequestManager.m */; };
		753F074016B198F0004C3351 /* SPRequestManager.m in Sources */ = {isa = PBXBuildFile; fileRef = 753F073916B198F0004C3351 /* SPRequestManager.m */; };
		753F074116B198F0004C3351 /* SPRequests.h in Headers */ = {isa = PBXBuildFile; fileRef = 753F073A16B198F0004C3351 /* SPRequests.h */; settings = {ATTRIBUTES = (Public, ); }; };
		753F074E16B1996E004C3351 /* SPErrorManager.h in Headers */ = {isa = PBXBuildFile; fileRef = 753F074516B1996E004C3351 /* SPErrorManager.h */; settings = {ATTRIBUTES = (Public, ); }; };
		753F075016B1996E004C3351 /* SPErrorManager.m in Sources */ = {isa = PBXBuildFile; fileRef = 753F074616B1996E004C3351 /* SPErrorManager.m */; settings = {COMPILER_FLAGS = "-fno-objc-arc"; }; };
		753F075116B1996E004C3351 /* SPErrorManager.m in Sources */ = {isa = PBXBuildFile; fileRef = 753F074616B1996E004C3351 /* SPErrorManager.m */; settings = {COMPILER_FLAGS = "-fno-objc-arc"; }; };
		753F075216B1996E004C3351 /* SPErrorProfile.h in Headers */ = {isa = PBXBuildFile; fileRef = 753F074716B1996E004C3351 /* SPErrorProfile.h */; settings = {ATTRIBUTES = (Public, ); }; };
		753F075416B1996E004C3351 /* SPErrorProfile.m in Sources */ = {isa = PBXBuildFile; fileRef = 753F074816B1996E004C3351 /* SPErrorProfile.m */; };
		753F075516B1996E004C3351 /* SPErrorProfile.m in Sources */ = {isa = PBXBuildFile; fileRef = 753F074816B1996E004C3351 /* SPErrorProfile.m */; };
		753F075616B1996E004C3351 /* SPErrors.h in Headers */ = {isa = PBXBuildFile; fileRef = 753F074916B1996E004C3351 /* SPErrors.h */; settings = {ATTRIBUTES = (Public, ); }; };
		753F075816B1996E004C3351 /* SPWebServiceError.h in Headers */ = {isa = PBXBuildFile; fileRef = 753F074A16B1996E004C3351 /* SPWebServiceError.h */; settings = {ATTRIBUTES = (Public, ); }; };
		753F075A16B1996E004C3351 /* SPWebServiceError.m in Sources */ = {isa = PBXBuildFile; fileRef = 753F074B16B1996E004C3351 /* SPWebServiceError.m */; };
		753F075B16B1996E004C3351 /* SPWebServiceError.m in Sources */ = {isa = PBXBuildFile; fileRef = 753F074B16B1996E004C3351 /* SPWebServiceError.m */; };
		753F075C16B1996E004C3351 /* SPWebServiceErrorProfile.h in Headers */ = {isa = PBXBuildFile; fileRef = 753F074C16B1996E004C3351 /* SPWebServiceErrorProfile.h */; settings = {ATTRIBUTES = (Public, ); }; };
		753F075E16B1996E004C3351 /* SPWebServiceErrorProfile.m in Sources */ = {isa = PBXBuildFile; fileRef = 753F074D16B1996E004C3351 /* SPWebServiceErrorProfile.m */; };
		753F075F16B1996E004C3351 /* SPWebServiceErrorProfile.m in Sources */ = {isa = PBXBuildFile; fileRef = 753F074D16B1996E004C3351 /* SPWebServiceErrorProfile.m */; };
		753F076416B199E0004C3351 /* SPSettings.h in Headers */ = {isa = PBXBuildFile; fileRef = 753F076116B199E0004C3351 /* SPSettings.h */; settings = {ATTRIBUTES = (Public, ); }; };
		753F076616B199E0004C3351 /* SPSettingsManager.h in Headers */ = {isa = PBXBuildFile; fileRef = 753F076216B199E0004C3351 /* SPSettingsManager.h */; settings = {ATTRIBUTES = (Public, ); }; };
		753F076816B199E0004C3351 /* SPSettingsManager.m in Sources */ = {isa = PBXBuildFile; fileRef = 753F076316B199E0004C3351 /* SPSettingsManager.m */; };
		753F076916B199E0004C3351 /* SPSettingsManager.m in Sources */ = {isa = PBXBuildFile; fileRef = 753F076316B199E0004C3351 /* SPSettingsManager.m */; };
		753F076F16B19AA7004C3351 /* LoggerClient.h in Headers */ = {isa = PBXBuildFile; fileRef = 753F076C16B19AA7004C3351 /* LoggerClient.h */; settings = {ATTRIBUTES = (Public, ); }; };
		753F077116B19AA7004C3351 /* LoggerClient.m in Sources */ = {isa = PBXBuildFile; fileRef = 753F076D16B19AA7004C3351 /* LoggerClient.m */; };
		753F077216B19AA7004C3351 /* LoggerClient.m in Sources */ = {isa = PBXBuildFile; fileRef = 753F076D16B19AA7004C3351 /* LoggerClient.m */; };
		753F077316B19AA7004C3351 /* LoggerCommon.h in Headers */ = {isa = PBXBuildFile; fileRef = 753F076E16B19AA7004C3351 /* LoggerCommon.h */; settings = {ATTRIBUTES = (Public, ); }; };
		753F077616B19AEE004C3351 /* UIKit.framework in Frameworks */ = {isa = PBXBuildFile; fileRef = 753F077516B19AEE004C3351 /* UIKit.framework */; };
		755307AF16B1CBD700536075 /* Crashlytics.framework in Frameworks */ = {isa = PBXBuildFile; fileRef = 755307AE16B1CBD700536075 /* Crashlytics.framework */; };
		755307B616B1D2CB00536075 /* SPBucket.h in Headers */ = {isa = PBXBuildFile; fileRef = 755307B116B1D2CB00536075 /* SPBucket.h */; settings = {ATTRIBUTES = (Public, ); }; };
		755307B816B1D2CB00536075 /* SPBucket.m in Sources */ = {isa = PBXBuildFile; fileRef = 755307B216B1D2CB00536075 /* SPBucket.m */; };
		755307B916B1D2CB00536075 /* SPBucket.m in Sources */ = {isa = PBXBuildFile; fileRef = 755307B216B1D2CB00536075 /* SPBucket.m */; };
		755307BA16B1D2CB00536075 /* SPBucketManager.h in Headers */ = {isa = PBXBuildFile; fileRef = 755307B316B1D2CB00536075 /* SPBucketManager.h */; settings = {ATTRIBUTES = (Public, ); }; };
		755307BC16B1D2CB00536075 /* SPBucketManager.m in Sources */ = {isa = PBXBuildFile; fileRef = 755307B416B1D2CB00536075 /* SPBucketManager.m */; };
		755307BD16B1D2CB00536075 /* SPBucketManager.m in Sources */ = {isa = PBXBuildFile; fileRef = 755307B416B1D2CB00536075 /* SPBucketManager.m */; };
		755307BE16B1D2CB00536075 /* SPBuckets.h in Headers */ = {isa = PBXBuildFile; fileRef = 755307B516B1D2CB00536075 /* SPBuckets.h */; settings = {ATTRIBUTES = (Public, ); }; };
		755307C116B1D58900536075 /* CoreLocation.framework in Frameworks */ = {isa = PBXBuildFile; fileRef = 755307C016B1D58900536075 /* CoreLocation.framework */; };
		755307C516B1D7E300536075 /* SPProfile.h in Headers */ = {isa = PBXBuildFile; fileRef = 755307C316B1D7E300536075 /* SPProfile.h */; settings = {ATTRIBUTES = (Public, ); }; };
		755307C716B1D7E300536075 /* SPProfile.m in Sources */ = {isa = PBXBuildFile; fileRef = 755307C416B1D7E300536075 /* SPProfile.m */; };
		755307C816B1D7E300536075 /* SPProfile.m in Sources */ = {isa = PBXBuildFile; fileRef = 755307C416B1D7E300536075 /* SPProfile.m */; };
		755307CB16B1D87300536075 /* SPProfiles.h in Headers */ = {isa = PBXBuildFile; fileRef = 755307CA16B1D87300536075 /* SPProfiles.h */; settings = {ATTRIBUTES = (Public, ); }; };
		755307D016B1D90000536075 /* SPCaptureHelper.h in Headers */ = {isa = PBXBuildFile; fileRef = 755307CE16B1D90000536075 /* SPCaptureHelper.h */; settings = {ATTRIBUTES = (Public, ); }; };
		755307D216B1D90000536075 /* SPCaptureHelper.m in Sources */ = {isa = PBXBuildFile; fileRef = 755307CF16B1D90000536075 /* SPCaptureHelper.m */; };
		755307D316B1D90000536075 /* SPCaptureHelper.m in Sources */ = {isa = PBXBuildFile; fileRef = 755307CF16B1D90000536075 /* SPCaptureHelper.m */; };
		755307D616B1D90D00536075 /* TimeHelper.h in Headers */ = {isa = PBXBuildFile; fileRef = 755307D416B1D90D00536075 /* TimeHelper.h */; settings = {ATTRIBUTES = (Public, ); }; };
		755307D816B1D90D00536075 /* TimeHelper.m in Sources */ = {isa = PBXBuildFile; fileRef = 755307D516B1D90D00536075 /* TimeHelper.m */; };
		755307D916B1D90D00536075 /* TimeHelper.m in Sources */ = {isa = PBXBuildFile; fileRef = 755307D516B1D90D00536075 /* TimeHelper.m */; };
		755307DC16B1D91C00536075 /* SPSoundHelper.h in Headers */ = {isa = PBXBuildFile; fileRef = 755307DA16B1D91C00536075 /* SPSoundHelper.h */; settings = {ATTRIBUTES = (Public, ); }; };
		755307DE16B1D91C00536075 /* SPSoundHelper.m in Sources */ = {isa = PBXBuildFile; fileRef = 755307DB16B1D91C00536075 /* SPSoundHelper.m */; };
		755307DF16B1D91C00536075 /* SPSoundHelper.m in Sources */ = {isa = PBXBuildFile; fileRef = 755307DB16B1D91C00536075 /* SPSoundHelper.m */; };
		755307E216B1DDAC00536075 /* SPProfileManager.h in Headers */ = {isa = PBXBuildFile; fileRef = 755307E016B1DDAC00536075 /* SPProfileManager.h */; settings = {ATTRIBUTES = (Public, ); }; };
		755307E416B1DDAC00536075 /* SPProfileManager.m in Sources */ = {isa = PBXBuildFile; fileRef = 755307E116B1DDAC00536075 /* SPProfileManager.m */; };
		755307E516B1DDAC00536075 /* SPProfileManager.m in Sources */ = {isa = PBXBuildFile; fileRef = 755307E116B1DDAC00536075 /* SPProfileManager.m */; };
		755307EE16B1DEAA00536075 /* UIImage+Alpha.h in Headers */ = {isa = PBXBuildFile; fileRef = 755307E816B1DEAA00536075 /* UIImage+Alpha.h */; settings = {ATTRIBUTES = (Public, ); }; };
		755307F016B1DEAA00536075 /* UIImage+Alpha.m in Sources */ = {isa = PBXBuildFile; fileRef = 755307E916B1DEAA00536075 /* UIImage+Alpha.m */; };
		755307F116B1DEAA00536075 /* UIImage+Alpha.m in Sources */ = {isa = PBXBuildFile; fileRef = 755307E916B1DEAA00536075 /* UIImage+Alpha.m */; };
		755307F216B1DEAA00536075 /* UIImage+Resize.h in Headers */ = {isa = PBXBuildFile; fileRef = 755307EA16B1DEAA00536075 /* UIImage+Resize.h */; settings = {ATTRIBUTES = (Public, ); }; };
		755307F416B1DEAA00536075 /* UIImage+Resize.m in Sources */ = {isa = PBXBuildFile; fileRef = 755307EB16B1DEAA00536075 /* UIImage+Resize.m */; };
		755307F516B1DEAA00536075 /* UIImage+Resize.m in Sources */ = {isa = PBXBuildFile; fileRef = 755307EB16B1DEAA00536075 /* UIImage+Resize.m */; };
		755307F616B1DEAA00536075 /* UIImage+RoundedCorner.h in Headers */ = {isa = PBXBuildFile; fileRef = 755307EC16B1DEAA00536075 /* UIImage+RoundedCorner.h */; settings = {ATTRIBUTES = (Public, ); }; };
		755307F816B1DEAA00536075 /* UIImage+RoundedCorner.m in Sources */ = {isa = PBXBuildFile; fileRef = 755307ED16B1DEAA00536075 /* UIImage+RoundedCorner.m */; };
		755307F916B1DEAA00536075 /* UIImage+RoundedCorner.m in Sources */ = {isa = PBXBuildFile; fileRef = 755307ED16B1DEAA00536075 /* UIImage+RoundedCorner.m */; };
		7553080716B1E10A00536075 /* SPMessage.h in Headers */ = {isa = PBXBuildFile; fileRef = 755307FC16B1E10A00536075 /* SPMessage.h */; settings = {ATTRIBUTES = (Public, ); }; };
		7553080916B1E10A00536075 /* SPMessage.m in Sources */ = {isa = PBXBuildFile; fileRef = 755307FD16B1E10A00536075 /* SPMessage.m */; };
		7553080A16B1E10A00536075 /* SPMessage.m in Sources */ = {isa = PBXBuildFile; fileRef = 755307FD16B1E10A00536075 /* SPMessage.m */; };
		7553080B16B1E10A00536075 /* SPMessageAccount.h in Headers */ = {isa = PBXBuildFile; fileRef = 755307FE16B1E10A00536075 /* SPMessageAccount.h */; settings = {ATTRIBUTES = (Public, ); }; };
		7553080D16B1E10A00536075 /* SPMessageAccount.m in Sources */ = {isa = PBXBuildFile; fileRef = 755307FF16B1E10A00536075 /* SPMessageAccount.m */; };
		7553080E16B1E10A00536075 /* SPMessageAccount.m in Sources */ = {isa = PBXBuildFile; fileRef = 755307FF16B1E10A00536075 /* SPMessageAccount.m */; };
		7553080F16B1E10A00536075 /* SPMessageManager.h in Headers */ = {isa = PBXBuildFile; fileRef = 7553080016B1E10A00536075 /* SPMessageManager.h */; settings = {ATTRIBUTES = (Public, ); }; };
		7553081116B1E10A00536075 /* SPMessageManager.m in Sources */ = {isa = PBXBuildFile; fileRef = 7553080116B1E10A00536075 /* SPMessageManager.m */; };
		7553081216B1E10A00536075 /* SPMessageManager.m in Sources */ = {isa = PBXBuildFile; fileRef = 7553080116B1E10A00536075 /* SPMessageManager.m */; };
		7553081316B1E10A00536075 /* SPMessages.h in Headers */ = {isa = PBXBuildFile; fileRef = 7553080216B1E10A00536075 /* SPMessages.h */; settings = {ATTRIBUTES = (Public, ); }; };
		7553081516B1E10A00536075 /* SPMessageThread.h in Headers */ = {isa = PBXBuildFile; fileRef = 7553080316B1E10A00536075 /* SPMessageThread.h */; settings = {ATTRIBUTES = (Public, ); }; };
		7553081716B1E10A00536075 /* SPMessageThread.m in Sources */ = {isa = PBXBuildFile; fileRef = 7553080416B1E10A00536075 /* SPMessageThread.m */; };
		7553081816B1E10A00536075 /* SPMessageThread.m in Sources */ = {isa = PBXBuildFile; fileRef = 7553080416B1E10A00536075 /* SPMessageThread.m */; };
		7553081916B1E10A00536075 /* SPMessageThread+Sorting.h in Headers */ = {isa = PBXBuildFile; fileRef = 7553080516B1E10A00536075 /* SPMessageThread+Sorting.h */; settings = {ATTRIBUTES = (Public, ); }; };
		7553081B16B1E10A00536075 /* SPMessageThread+Sorting.m in Sources */ = {isa = PBXBuildFile; fileRef = 7553080616B1E10A00536075 /* SPMessageThread+Sorting.m */; };
		7553081C16B1E10A00536075 /* SPMessageThread+Sorting.m in Sources */ = {isa = PBXBuildFile; fileRef = 7553080616B1E10A00536075 /* SPMessageThread+Sorting.m */; };
		7553082116B1E38300536075 /* SPLocationManager.h in Headers */ = {isa = PBXBuildFile; fileRef = 7553081E16B1E38300536075 /* SPLocationManager.h */; settings = {ATTRIBUTES = (Public, ); }; };
		7553082316B1E38300536075 /* SPLocationManager.m in Sources */ = {isa = PBXBuildFile; fileRef = 7553081F16B1E38300536075 /* SPLocationManager.m */; };
		7553082416B1E38300536075 /* SPLocationManager.m in Sources */ = {isa = PBXBuildFile; fileRef = 7553081F16B1E38300536075 /* SPLocationManager.m */; };
		7553082516B1E38300536075 /* SPLocations.h in Headers */ = {isa = PBXBuildFile; fileRef = 7553082016B1E38300536075 /* SPLocations.h */; settings = {ATTRIBUTES = (Public, ); }; };
		7553082B16B30EF100536075 /* messageStorage.xcdatamodeld in Sources */ = {isa = PBXBuildFile; fileRef = 7553082916B30EF100536075 /* messageStorage.xcdatamodeld */; };
		7553082C16B30EF100536075 /* messageStorage.xcdatamodeld in Sources */ = {isa = PBXBuildFile; fileRef = 7553082916B30EF100536075 /* messageStorage.xcdatamodeld */; };
		755DDDD316AEF68F00AA8D29 /* Cocoa.framework in Frameworks */ = {isa = PBXBuildFile; fileRef = 755DDDD216AEF68F00AA8D29 /* Cocoa.framework */; };
		755DDDDD16AEF69000AA8D29 /* InfoPlist.strings in Resources */ = {isa = PBXBuildFile; fileRef = 755DDDDB16AEF69000AA8D29 /* InfoPlist.strings */; };
		755DDDF916AEF85F00AA8D29 /* SinglePicCommon.h in Headers */ = {isa = PBXBuildFile; fileRef = 755DDDDF16AEF69000AA8D29 /* SinglePicCommon.h */; settings = {ATTRIBUTES = (Public, ); }; };
		755DDE6816AF058E00AA8D29 /* Foundation.framework in Frameworks */ = {isa = PBXBuildFile; fileRef = 755DDDEC16AEF76E00AA8D29 /* Foundation.framework */; };
		755DDE6F16AF058E00AA8D29 /* SinglePicCommon.m in Sources */ = {isa = PBXBuildFile; fileRef = 755DDE6E16AF058E00AA8D29 /* SinglePicCommon.m */; };
		755DDE7316AF068000AA8D29 /* SinglePicCommon.m in Sources */ = {isa = PBXBuildFile; fileRef = 755DDE6E16AF058E00AA8D29 /* SinglePicCommon.m */; };
		75C5A04616B1A07A00CBAE31 /* SPBaseApplicationController.h in Headers */ = {isa = PBXBuildFile; fileRef = 75C5A04516B1A07A00CBAE31 /* SPBaseApplicationController.h */; settings = {ATTRIBUTES = (Public, ); }; };
		75C5A05616B1B78700CBAE31 /* README.md in Resources */ = {isa = PBXBuildFile; fileRef = 75C5A05216B1B78700CBAE31 /* README.md */; };
		75C5A05A16B1B78700CBAE31 /* libTestFlight.a in Frameworks */ = {isa = PBXBuildFile; fileRef = 75C5A05416B1B78700CBAE31 /* libTestFlight.a */; };
		75C5A05B16B1B78700CBAE31 /* release_notes.md in Resources */ = {isa = PBXBuildFile; fileRef = 75C5A05516B1B78700CBAE31 /* release_notes.md */; };
		75E7E7A116B83C8300FB8BA6 /* NSImage+MGCropExtensions.h in CopyFiles */ = {isa = PBXBuildFile; fileRef = F0F1586116B4168000E831B7 /* NSImage+MGCropExtensions.h */; };
		75E7E7A216B83C8300FB8BA6 /* SPMessageThread+Sorting.h in CopyFiles */ = {isa = PBXBuildFile; fileRef = 7553080516B1E10A00536075 /* SPMessageThread+Sorting.h */; };
		75E7E7A316B83C8300FB8BA6 /* UIImage+Alpha.h in CopyFiles */ = {isa = PBXBuildFile; fileRef = 755307E816B1DEAA00536075 /* UIImage+Alpha.h */; };
		75E7E7A416B83C8300FB8BA6 /* UIImage+Resize.h in CopyFiles */ = {isa = PBXBuildFile; fileRef = 755307EA16B1DEAA00536075 /* UIImage+Resize.h */; };
		75E7E7A516B83C8300FB8BA6 /* UIImage+RoundedCorner.h in CopyFiles */ = {isa = PBXBuildFile; fileRef = 755307EC16B1DEAA00536075 /* UIImage+RoundedCorner.h */; };
		75E7E7A616B83C8300FB8BA6 /* SPSoundHelper.h in CopyFiles */ = {isa = PBXBuildFile; fileRef = 755307DA16B1D91C00536075 /* SPSoundHelper.h */; };
		75E7E7A716B83C8300FB8BA6 /* TimeHelper.h in CopyFiles */ = {isa = PBXBuildFile; fileRef = 755307D416B1D90D00536075 /* TimeHelper.h */; };
		75E7E7A816B83C8300FB8BA6 /* SPCaptureHelper.h in CopyFiles */ = {isa = PBXBuildFile; fileRef = 755307CE16B1D90000536075 /* SPCaptureHelper.h */; };
		75E7E7A916B83C8300FB8BA6 /* SPMessageAccount.h in CopyFiles */ = {isa = PBXBuildFile; fileRef = 755307FE16B1E10A00536075 /* SPMessageAccount.h */; };
		75E7E7AA16B83C8300FB8BA6 /* SPMessage.h in CopyFiles */ = {isa = PBXBuildFile; fileRef = 755307FC16B1E10A00536075 /* SPMessage.h */; };
		75E7E7AB16B83C8300FB8BA6 /* SPMessageThread.h in CopyFiles */ = {isa = PBXBuildFile; fileRef = 7553080316B1E10A00536075 /* SPMessageThread.h */; };
		75E7E7AC16B83C8300FB8BA6 /* SPProfile.h in CopyFiles */ = {isa = PBXBuildFile; fileRef = 755307C316B1D7E300536075 /* SPProfile.h */; };
		75E7E7AD16B83C8300FB8BA6 /* SPBucket.h in CopyFiles */ = {isa = PBXBuildFile; fileRef = 755307B116B1D2CB00536075 /* SPBucket.h */; };
		75E7E7AE16B83C8300FB8BA6 /* SPBaseApplicationController.h in CopyFiles */ = {isa = PBXBuildFile; fileRef = 75C5A04516B1A07A00CBAE31 /* SPBaseApplicationController.h */; };
		75E7E7AF16B83C8300FB8BA6 /* SPErrorNotifierController.h in CopyFiles */ = {isa = PBXBuildFile; fileRef = F0F1586516B6B54D00E831B7 /* SPErrorNotifierController.h */; };
		75E7E7B016B83C8300FB8BA6 /* TestFlight.h in CopyFiles */ = {isa = PBXBuildFile; fileRef = 75C5A05316B1B78700CBAE31 /* TestFlight.h */; };
		75E7E7B116B83C8300FB8BA6 /* LoggerClient.h in CopyFiles */ = {isa = PBXBuildFile; fileRef = 753F076C16B19AA7004C3351 /* LoggerClient.h */; };
		75E7E7B216B83C8300FB8BA6 /* LoggerCommon.h in CopyFiles */ = {isa = PBXBuildFile; fileRef = 753F076E16B19AA7004C3351 /* LoggerCommon.h */; };
		75E7E7B316B83C8300FB8BA6 /* AFHTTPClient.h in CopyFiles */ = {isa = PBXBuildFile; fileRef = 753F06E816B183FF004C3351 /* AFHTTPClient.h */; };
		75E7E7B416B83C8300FB8BA6 /* AFHTTPRequestOperation.h in CopyFiles */ = {isa = PBXBuildFile; fileRef = 753F06EA16B183FF004C3351 /* AFHTTPRequestOperation.h */; };
		75E7E7B516B83C8300FB8BA6 /* AFImageRequestOperation.h in CopyFiles */ = {isa = PBXBuildFile; fileRef = 753F06EC16B183FF004C3351 /* AFImageRequestOperation.h */; };
		75E7E7B616B83C8300FB8BA6 /* AFJSONRequestOperation.h in CopyFiles */ = {isa = PBXBuildFile; fileRef = 753F06EE16B183FF004C3351 /* AFJSONRequestOperation.h */; };
		75E7E7B716B83C8300FB8BA6 /* AFNetworkActivityIndicatorManager.h in CopyFiles */ = {isa = PBXBuildFile; fileRef = 753F06F016B183FF004C3351 /* AFNetworkActivityIndicatorManager.h */; };
		75E7E7B816B83C8300FB8BA6 /* AFNetworking.h in CopyFiles */ = {isa = PBXBuildFile; fileRef = 753F06F216B183FF004C3351 /* AFNetworking.h */; };
		75E7E7B916B83C8300FB8BA6 /* AFPropertyListRequestOperation.h in CopyFiles */ = {isa = PBXBuildFile; fileRef = 753F06F316B183FF004C3351 /* AFPropertyListRequestOperation.h */; };
		75E7E7BA16B83C8300FB8BA6 /* AFURLConnectionOperation.h in CopyFiles */ = {isa = PBXBuildFile; fileRef = 753F06F516B183FF004C3351 /* AFURLConnectionOperation.h */; };
		75E7E7BB16B83C8300FB8BA6 /* AFXMLRequestOperation.h in CopyFiles */ = {isa = PBXBuildFile; fileRef = 753F06F716B183FF004C3351 /* AFXMLRequestOperation.h */; };
		75E7E7BC16B83C8300FB8BA6 /* UIImageView+AFNetworking.h in CopyFiles */ = {isa = PBXBuildFile; fileRef = 753F06F916B183FF004C3351 /* UIImageView+AFNetworking.h */; };
		75E7E7BD16B83C8300FB8BA6 /* SPLocationManager.h in CopyFiles */ = {isa = PBXBuildFile; fileRef = 7553081E16B1E38300536075 /* SPLocationManager.h */; };
		75E7E7BE16B83C8300FB8BA6 /* SPLocations.h in CopyFiles */ = {isa = PBXBuildFile; fileRef = 7553082016B1E38300536075 /* SPLocations.h */; };
		75E7E7BF16B83C8300FB8BA6 /* SPMessageManager.h in CopyFiles */ = {isa = PBXBuildFile; fileRef = 7553080016B1E10A00536075 /* SPMessageManager.h */; };
		75E7E7C016B83C8300FB8BA6 /* SPMessages.h in CopyFiles */ = {isa = PBXBuildFile; fileRef = 7553080216B1E10A00536075 /* SPMessages.h */; };
		75E7E7C116B83C8300FB8BA6 /* SPProfileManager.h in CopyFiles */ = {isa = PBXBuildFile; fileRef = 755307E016B1DDAC00536075 /* SPProfileManager.h */; };
		75E7E7C216B83C8300FB8BA6 /* SPProfiles.h in CopyFiles */ = {isa = PBXBuildFile; fileRef = 755307CA16B1D87300536075 /* SPProfiles.h */; };
		75E7E7C316B83C8300FB8BA6 /* SPBucketManager.h in CopyFiles */ = {isa = PBXBuildFile; fileRef = 755307B316B1D2CB00536075 /* SPBucketManager.h */; };
		75E7E7C416B83C8300FB8BA6 /* SPBuckets.h in CopyFiles */ = {isa = PBXBuildFile; fileRef = 755307B516B1D2CB00536075 /* SPBuckets.h */; };
		75E7E7C516B83C8300FB8BA6 /* SPSettings.h in CopyFiles */ = {isa = PBXBuildFile; fileRef = 753F076116B199E0004C3351 /* SPSettings.h */; };
		75E7E7C716B83C8300FB8BA6 /* SPErrorManager.h in CopyFiles */ = {isa = PBXBuildFile; fileRef = 753F074516B1996E004C3351 /* SPErrorManager.h */; };
		75E7E7C816B83C8300FB8BA6 /* SPErrors.h in CopyFiles */ = {isa = PBXBuildFile; fileRef = 753F074916B1996E004C3351 /* SPErrors.h */; };
		75E7E7C916B83C8300FB8BA6 /* SPErrorProfile.h in CopyFiles */ = {isa = PBXBuildFile; fileRef = 753F074716B1996E004C3351 /* SPErrorProfile.h */; };
		75E7E7CA16B83C8300FB8BA6 /* SPWebServiceErrorProfile.h in CopyFiles */ = {isa = PBXBuildFile; fileRef = 753F074C16B1996E004C3351 /* SPWebServiceErrorProfile.h */; };
		75E7E7CB16B83C8300FB8BA6 /* SPWebServiceError.h in CopyFiles */ = {isa = PBXBuildFile; fileRef = 753F074A16B1996E004C3351 /* SPWebServiceError.h */; };
		75E7E7CC16B83C8300FB8BA6 /* SPReachabilityReporter.h in CopyFiles */ = {isa = PBXBuildFile; fileRef = 753F073716B198F0004C3351 /* SPReachabilityReporter.h */; };
		75E7E7CD16B83C8300FB8BA6 /* SPRequestManager.h in CopyFiles */ = {isa = PBXBuildFile; fileRef = 753F073816B198F0004C3351 /* SPRequestManager.h */; };
		75E7E7CE16B83C8300FB8BA6 /* SinglePicCommon.h in CopyFiles */ = {isa = PBXBuildFile; fileRef = 755DDDDF16AEF69000AA8D29 /* SinglePicCommon.h */; };
		75E7E7CF16B83CA900FB8BA6 /* SPSettingsManager.h in CopyFiles */ = {isa = PBXBuildFile; fileRef = 753F076216B199E0004C3351 /* SPSettingsManager.h */; };
		75E7E7D016B83CA900FB8BA6 /* SPRequests.h in CopyFiles */ = {isa = PBXBuildFile; fileRef = 753F073A16B198F0004C3351 /* SPRequests.h */; };
		F05EFA3916B2BEB800AB0929 /* ImageIO.framework in Frameworks */ = {isa = PBXBuildFile; fileRef = F05EFA3816B2BEB700AB0929 /* ImageIO.framework */; };
		F05EFA3C16B2BEDD00AB0929 /* ImageIO.framework in Frameworks */ = {isa = PBXBuildFile; fileRef = F05EFA3B16B2BEDD00AB0929 /* ImageIO.framework */; };
		F05EFA4216B2BF9D00AB0929 /* AVFoundation.framework in Frameworks */ = {isa = PBXBuildFile; fileRef = F05EFA4116B2BF9D00AB0929 /* AVFoundation.framework */; };
		F05EFA4416B2BFC400AB0929 /* AudioToolbox.framework in Frameworks */ = {isa = PBXBuildFile; fileRef = F05EFA4316B2BFC400AB0929 /* AudioToolbox.framework */; };
		F05EFA4616B2BFEE00AB0929 /* CoreMedia.framework in Frameworks */ = {isa = PBXBuildFile; fileRef = F05EFA4516B2BFEE00AB0929 /* CoreMedia.framework */; };
		F0AC302116BCD97C0031535F /* SPMessageThread+Description.h in Headers */ = {isa = PBXBuildFile; fileRef = F0AC302016BCD97C0031535F /* SPMessageThread+Description.h */; };
		F0AC302316BCD9D50031535F /* SPMessageThread+Description.m in Sources */ = {isa = PBXBuildFile; fileRef = F0AC302216BCD9D50031535F /* SPMessageThread+Description.m */; };
		F0AC302416BCD9D50031535F /* SPMessageThread+Description.m in Sources */ = {isa = PBXBuildFile; fileRef = F0AC302216BCD9D50031535F /* SPMessageThread+Description.m */; };
		F0F1586316B4168000E831B7 /* NSImage+MGCropExtensions.h in Headers */ = {isa = PBXBuildFile; fileRef = F0F1586116B4168000E831B7 /* NSImage+MGCropExtensions.h */; settings = {ATTRIBUTES = (Public, ); }; };
		F0F1586416B4168000E831B7 /* NSImage+MGCropExtensions.m in Sources */ = {isa = PBXBuildFile; fileRef = F0F1586216B4168000E831B7 /* NSImage+MGCropExtensions.m */; settings = {COMPILER_FLAGS = "-fno-objc-arc"; }; };
		F0F1586616B6B54D00E831B7 /* SPErrorNotifierController.h in Headers */ = {isa = PBXBuildFile; fileRef = F0F1586516B6B54D00E831B7 /* SPErrorNotifierController.h */; settings = {ATTRIBUTES = (Public, ); }; };
/* End PBXBuildFile section */

/* Begin PBXCopyFilesBuildPhase section */
		755DDE6516AF058E00AA8D29 /* CopyFiles */ = {
			isa = PBXCopyFilesBuildPhase;
			buildActionMask = 2147483647;
			dstPath = "include/${PRODUCT_NAME}";
			dstSubfolderSpec = 16;
			files = (
				75E7E7CF16B83CA900FB8BA6 /* SPSettingsManager.h in CopyFiles */,
				75E7E7D016B83CA900FB8BA6 /* SPRequests.h in CopyFiles */,
				75E7E7A116B83C8300FB8BA6 /* NSImage+MGCropExtensions.h in CopyFiles */,
				75E7E7A216B83C8300FB8BA6 /* SPMessageThread+Sorting.h in CopyFiles */,
				75E7E7A316B83C8300FB8BA6 /* UIImage+Alpha.h in CopyFiles */,
				75E7E7A416B83C8300FB8BA6 /* UIImage+Resize.h in CopyFiles */,
				75E7E7A516B83C8300FB8BA6 /* UIImage+RoundedCorner.h in CopyFiles */,
				75E7E7A616B83C8300FB8BA6 /* SPSoundHelper.h in CopyFiles */,
				75E7E7A716B83C8300FB8BA6 /* TimeHelper.h in CopyFiles */,
				75E7E7A816B83C8300FB8BA6 /* SPCaptureHelper.h in CopyFiles */,
				75E7E7A916B83C8300FB8BA6 /* SPMessageAccount.h in CopyFiles */,
				75E7E7AA16B83C8300FB8BA6 /* SPMessage.h in CopyFiles */,
				75E7E7AB16B83C8300FB8BA6 /* SPMessageThread.h in CopyFiles */,
				75E7E7AC16B83C8300FB8BA6 /* SPProfile.h in CopyFiles */,
				75E7E7AD16B83C8300FB8BA6 /* SPBucket.h in CopyFiles */,
				75E7E7AE16B83C8300FB8BA6 /* SPBaseApplicationController.h in CopyFiles */,
				75E7E7AF16B83C8300FB8BA6 /* SPErrorNotifierController.h in CopyFiles */,
				75E7E7B016B83C8300FB8BA6 /* TestFlight.h in CopyFiles */,
				75E7E7B116B83C8300FB8BA6 /* LoggerClient.h in CopyFiles */,
				75E7E7B216B83C8300FB8BA6 /* LoggerCommon.h in CopyFiles */,
				75E7E7B316B83C8300FB8BA6 /* AFHTTPClient.h in CopyFiles */,
				75E7E7B416B83C8300FB8BA6 /* AFHTTPRequestOperation.h in CopyFiles */,
				75E7E7B516B83C8300FB8BA6 /* AFImageRequestOperation.h in CopyFiles */,
				75E7E7B616B83C8300FB8BA6 /* AFJSONRequestOperation.h in CopyFiles */,
				75E7E7B716B83C8300FB8BA6 /* AFNetworkActivityIndicatorManager.h in CopyFiles */,
				75E7E7B816B83C8300FB8BA6 /* AFNetworking.h in CopyFiles */,
				75E7E7B916B83C8300FB8BA6 /* AFPropertyListRequestOperation.h in CopyFiles */,
				75E7E7BA16B83C8300FB8BA6 /* AFURLConnectionOperation.h in CopyFiles */,
				75E7E7BB16B83C8300FB8BA6 /* AFXMLRequestOperation.h in CopyFiles */,
				75E7E7BC16B83C8300FB8BA6 /* UIImageView+AFNetworking.h in CopyFiles */,
				75E7E7BD16B83C8300FB8BA6 /* SPLocationManager.h in CopyFiles */,
				75E7E7BE16B83C8300FB8BA6 /* SPLocations.h in CopyFiles */,
				75E7E7BF16B83C8300FB8BA6 /* SPMessageManager.h in CopyFiles */,
				75E7E7C016B83C8300FB8BA6 /* SPMessages.h in CopyFiles */,
				75E7E7C116B83C8300FB8BA6 /* SPProfileManager.h in CopyFiles */,
				75E7E7C216B83C8300FB8BA6 /* SPProfiles.h in CopyFiles */,
				75E7E7C316B83C8300FB8BA6 /* SPBucketManager.h in CopyFiles */,
				75E7E7C416B83C8300FB8BA6 /* SPBuckets.h in CopyFiles */,
				75E7E7C516B83C8300FB8BA6 /* SPSettings.h in CopyFiles */,
				75E7E7C716B83C8300FB8BA6 /* SPErrorManager.h in CopyFiles */,
				75E7E7C816B83C8300FB8BA6 /* SPErrors.h in CopyFiles */,
				75E7E7C916B83C8300FB8BA6 /* SPErrorProfile.h in CopyFiles */,
				75E7E7CA16B83C8300FB8BA6 /* SPWebServiceErrorProfile.h in CopyFiles */,
				75E7E7CB16B83C8300FB8BA6 /* SPWebServiceError.h in CopyFiles */,
				75E7E7CC16B83C8300FB8BA6 /* SPReachabilityReporter.h in CopyFiles */,
				75E7E7CD16B83C8300FB8BA6 /* SPRequestManager.h in CopyFiles */,
				75E7E7CE16B83C8300FB8BA6 /* SinglePicCommon.h in CopyFiles */,
			);
			runOnlyForDeploymentPostprocessing = 0;
		};
/* End PBXCopyFilesBuildPhase section */

/* Begin PBXFileReference section */
		753F06E816B183FF004C3351 /* AFHTTPClient.h */ = {isa = PBXFileReference; fileEncoding = 4; lastKnownFileType = sourcecode.c.h; path = AFHTTPClient.h; sourceTree = "<group>"; };
		753F06E916B183FF004C3351 /* AFHTTPClient.m */ = {isa = PBXFileReference; fileEncoding = 4; lastKnownFileType = sourcecode.c.objc; path = AFHTTPClient.m; sourceTree = "<group>"; };
		753F06EA16B183FF004C3351 /* AFHTTPRequestOperation.h */ = {isa = PBXFileReference; fileEncoding = 4; lastKnownFileType = sourcecode.c.h; path = AFHTTPRequestOperation.h; sourceTree = "<group>"; };
		753F06EB16B183FF004C3351 /* AFHTTPRequestOperation.m */ = {isa = PBXFileReference; fileEncoding = 4; lastKnownFileType = sourcecode.c.objc; path = AFHTTPRequestOperation.m; sourceTree = "<group>"; };
		753F06EC16B183FF004C3351 /* AFImageRequestOperation.h */ = {isa = PBXFileReference; fileEncoding = 4; lastKnownFileType = sourcecode.c.h; path = AFImageRequestOperation.h; sourceTree = "<group>"; };
		753F06ED16B183FF004C3351 /* AFImageRequestOperation.m */ = {isa = PBXFileReference; fileEncoding = 4; lastKnownFileType = sourcecode.c.objc; path = AFImageRequestOperation.m; sourceTree = "<group>"; };
		753F06EE16B183FF004C3351 /* AFJSONRequestOperation.h */ = {isa = PBXFileReference; fileEncoding = 4; lastKnownFileType = sourcecode.c.h; path = AFJSONRequestOperation.h; sourceTree = "<group>"; };
		753F06EF16B183FF004C3351 /* AFJSONRequestOperation.m */ = {isa = PBXFileReference; fileEncoding = 4; lastKnownFileType = sourcecode.c.objc; path = AFJSONRequestOperation.m; sourceTree = "<group>"; };
		753F06F016B183FF004C3351 /* AFNetworkActivityIndicatorManager.h */ = {isa = PBXFileReference; fileEncoding = 4; lastKnownFileType = sourcecode.c.h; path = AFNetworkActivityIndicatorManager.h; sourceTree = "<group>"; };
		753F06F116B183FF004C3351 /* AFNetworkActivityIndicatorManager.m */ = {isa = PBXFileReference; fileEncoding = 4; lastKnownFileType = sourcecode.c.objc; path = AFNetworkActivityIndicatorManager.m; sourceTree = "<group>"; };
		753F06F216B183FF004C3351 /* AFNetworking.h */ = {isa = PBXFileReference; fileEncoding = 4; lastKnownFileType = sourcecode.c.h; path = AFNetworking.h; sourceTree = "<group>"; };
		753F06F316B183FF004C3351 /* AFPropertyListRequestOperation.h */ = {isa = PBXFileReference; fileEncoding = 4; lastKnownFileType = sourcecode.c.h; path = AFPropertyListRequestOperation.h; sourceTree = "<group>"; };
		753F06F416B183FF004C3351 /* AFPropertyListRequestOperation.m */ = {isa = PBXFileReference; fileEncoding = 4; lastKnownFileType = sourcecode.c.objc; path = AFPropertyListRequestOperation.m; sourceTree = "<group>"; };
		753F06F516B183FF004C3351 /* AFURLConnectionOperation.h */ = {isa = PBXFileReference; fileEncoding = 4; lastKnownFileType = sourcecode.c.h; path = AFURLConnectionOperation.h; sourceTree = "<group>"; };
		753F06F616B183FF004C3351 /* AFURLConnectionOperation.m */ = {isa = PBXFileReference; fileEncoding = 4; lastKnownFileType = sourcecode.c.objc; path = AFURLConnectionOperation.m; sourceTree = "<group>"; };
		753F06F716B183FF004C3351 /* AFXMLRequestOperation.h */ = {isa = PBXFileReference; fileEncoding = 4; lastKnownFileType = sourcecode.c.h; path = AFXMLRequestOperation.h; sourceTree = "<group>"; };
		753F06F816B183FF004C3351 /* AFXMLRequestOperation.m */ = {isa = PBXFileReference; fileEncoding = 4; lastKnownFileType = sourcecode.c.objc; path = AFXMLRequestOperation.m; sourceTree = "<group>"; };
		753F06F916B183FF004C3351 /* UIImageView+AFNetworking.h */ = {isa = PBXFileReference; fileEncoding = 4; lastKnownFileType = sourcecode.c.h; path = "UIImageView+AFNetworking.h"; sourceTree = "<group>"; };
		753F06FA16B183FF004C3351 /* UIImageView+AFNetworking.m */ = {isa = PBXFileReference; fileEncoding = 4; lastKnownFileType = sourcecode.c.objc; path = "UIImageView+AFNetworking.m"; sourceTree = "<group>"; };
		753F072816B18967004C3351 /* MobileCoreServices.framework */ = {isa = PBXFileReference; lastKnownFileType = wrapper.framework; name = MobileCoreServices.framework; path = Platforms/iPhoneOS.platform/Developer/SDKs/iPhoneOS6.1.sdk/System/Library/Frameworks/MobileCoreServices.framework; sourceTree = DEVELOPER_DIR; };
		753F072A16B1896D004C3351 /* SystemConfiguration.framework */ = {isa = PBXFileReference; lastKnownFileType = wrapper.framework; name = SystemConfiguration.framework; path = Platforms/iPhoneOS.platform/Developer/SDKs/iPhoneOS6.1.sdk/System/Library/Frameworks/SystemConfiguration.framework; sourceTree = DEVELOPER_DIR; };
		753F072C16B18ED1004C3351 /* SystemConfiguration.framework */ = {isa = PBXFileReference; lastKnownFileType = wrapper.framework; name = SystemConfiguration.framework; path = System/Library/Frameworks/SystemConfiguration.framework; sourceTree = SDKROOT; };
		753F073716B198F0004C3351 /* SPReachabilityReporter.h */ = {isa = PBXFileReference; fileEncoding = 4; lastKnownFileType = sourcecode.c.h; path = SPReachabilityReporter.h; sourceTree = "<group>"; };
		753F073816B198F0004C3351 /* SPRequestManager.h */ = {isa = PBXFileReference; fileEncoding = 4; lastKnownFileType = sourcecode.c.h; path = SPRequestManager.h; sourceTree = "<group>"; };
		753F073916B198F0004C3351 /* SPRequestManager.m */ = {isa = PBXFileReference; fileEncoding = 4; lastKnownFileType = sourcecode.c.objc; path = SPRequestManager.m; sourceTree = "<group>"; };
		753F073A16B198F0004C3351 /* SPRequests.h */ = {isa = PBXFileReference; fileEncoding = 4; lastKnownFileType = sourcecode.c.h; path = SPRequests.h; sourceTree = "<group>"; };
		753F074516B1996E004C3351 /* SPErrorManager.h */ = {isa = PBXFileReference; fileEncoding = 4; lastKnownFileType = sourcecode.c.h; path = SPErrorManager.h; sourceTree = "<group>"; };
		753F074616B1996E004C3351 /* SPErrorManager.m */ = {isa = PBXFileReference; fileEncoding = 4; lastKnownFileType = sourcecode.c.objc; path = SPErrorManager.m; sourceTree = "<group>"; };
		753F074716B1996E004C3351 /* SPErrorProfile.h */ = {isa = PBXFileReference; fileEncoding = 4; lastKnownFileType = sourcecode.c.h; path = SPErrorProfile.h; sourceTree = "<group>"; };
		753F074816B1996E004C3351 /* SPErrorProfile.m */ = {isa = PBXFileReference; fileEncoding = 4; lastKnownFileType = sourcecode.c.objc; path = SPErrorProfile.m; sourceTree = "<group>"; };
		753F074916B1996E004C3351 /* SPErrors.h */ = {isa = PBXFileReference; fileEncoding = 4; lastKnownFileType = sourcecode.c.h; path = SPErrors.h; sourceTree = "<group>"; };
		753F074A16B1996E004C3351 /* SPWebServiceError.h */ = {isa = PBXFileReference; fileEncoding = 4; lastKnownFileType = sourcecode.c.h; path = SPWebServiceError.h; sourceTree = "<group>"; };
		753F074B16B1996E004C3351 /* SPWebServiceError.m */ = {isa = PBXFileReference; fileEncoding = 4; lastKnownFileType = sourcecode.c.objc; path = SPWebServiceError.m; sourceTree = "<group>"; };
		753F074C16B1996E004C3351 /* SPWebServiceErrorProfile.h */ = {isa = PBXFileReference; fileEncoding = 4; lastKnownFileType = sourcecode.c.h; path = SPWebServiceErrorProfile.h; sourceTree = "<group>"; };
		753F074D16B1996E004C3351 /* SPWebServiceErrorProfile.m */ = {isa = PBXFileReference; fileEncoding = 4; lastKnownFileType = sourcecode.c.objc; path = SPWebServiceErrorProfile.m; sourceTree = "<group>"; };
		753F076116B199E0004C3351 /* SPSettings.h */ = {isa = PBXFileReference; fileEncoding = 4; lastKnownFileType = sourcecode.c.h; path = SPSettings.h; sourceTree = "<group>"; };
		753F076216B199E0004C3351 /* SPSettingsManager.h */ = {isa = PBXFileReference; fileEncoding = 4; lastKnownFileType = sourcecode.c.h; path = SPSettingsManager.h; sourceTree = "<group>"; };
		753F076316B199E0004C3351 /* SPSettingsManager.m */ = {isa = PBXFileReference; fileEncoding = 4; lastKnownFileType = sourcecode.c.objc; path = SPSettingsManager.m; sourceTree = "<group>"; };
		753F076C16B19AA7004C3351 /* LoggerClient.h */ = {isa = PBXFileReference; fileEncoding = 4; lastKnownFileType = sourcecode.c.h; path = LoggerClient.h; sourceTree = "<group>"; };
		753F076D16B19AA7004C3351 /* LoggerClient.m */ = {isa = PBXFileReference; fileEncoding = 4; lastKnownFileType = sourcecode.c.objc; path = LoggerClient.m; sourceTree = "<group>"; };
		753F076E16B19AA7004C3351 /* LoggerCommon.h */ = {isa = PBXFileReference; fileEncoding = 4; lastKnownFileType = sourcecode.c.h; path = LoggerCommon.h; sourceTree = "<group>"; };
		753F077516B19AEE004C3351 /* UIKit.framework */ = {isa = PBXFileReference; lastKnownFileType = wrapper.framework; name = UIKit.framework; path = Platforms/iPhoneOS.platform/Developer/SDKs/iPhoneOS6.1.sdk/System/Library/Frameworks/UIKit.framework; sourceTree = DEVELOPER_DIR; };
		755307AE16B1CBD700536075 /* Crashlytics.framework */ = {isa = PBXFileReference; lastKnownFileType = wrapper.framework; name = Crashlytics.framework; path = SinglePicCommon/Crashlytics.framework; sourceTree = "<group>"; };
		755307B116B1D2CB00536075 /* SPBucket.h */ = {isa = PBXFileReference; fileEncoding = 4; lastKnownFileType = sourcecode.c.h; path = SPBucket.h; sourceTree = "<group>"; };
		755307B216B1D2CB00536075 /* SPBucket.m */ = {isa = PBXFileReference; fileEncoding = 4; lastKnownFileType = sourcecode.c.objc; path = SPBucket.m; sourceTree = "<group>"; };
		755307B316B1D2CB00536075 /* SPBucketManager.h */ = {isa = PBXFileReference; fileEncoding = 4; lastKnownFileType = sourcecode.c.h; path = SPBucketManager.h; sourceTree = "<group>"; };
		755307B416B1D2CB00536075 /* SPBucketManager.m */ = {isa = PBXFileReference; fileEncoding = 4; lastKnownFileType = sourcecode.c.objc; path = SPBucketManager.m; sourceTree = "<group>"; };
		755307B516B1D2CB00536075 /* SPBuckets.h */ = {isa = PBXFileReference; fileEncoding = 4; lastKnownFileType = sourcecode.c.h; path = SPBuckets.h; sourceTree = "<group>"; };
		755307C016B1D58900536075 /* CoreLocation.framework */ = {isa = PBXFileReference; lastKnownFileType = wrapper.framework; name = CoreLocation.framework; path = System/Library/Frameworks/CoreLocation.framework; sourceTree = SDKROOT; };
		755307C316B1D7E300536075 /* SPProfile.h */ = {isa = PBXFileReference; fileEncoding = 4; lastKnownFileType = sourcecode.c.h; path = SPProfile.h; sourceTree = "<group>"; };
		755307C416B1D7E300536075 /* SPProfile.m */ = {isa = PBXFileReference; fileEncoding = 4; lastKnownFileType = sourcecode.c.objc; path = SPProfile.m; sourceTree = "<group>"; };
		755307CA16B1D87300536075 /* SPProfiles.h */ = {isa = PBXFileReference; fileEncoding = 4; lastKnownFileType = sourcecode.c.h; path = SPProfiles.h; sourceTree = "<group>"; };
		755307CE16B1D90000536075 /* SPCaptureHelper.h */ = {isa = PBXFileReference; fileEncoding = 4; lastKnownFileType = sourcecode.c.h; path = SPCaptureHelper.h; sourceTree = "<group>"; };
		755307CF16B1D90000536075 /* SPCaptureHelper.m */ = {isa = PBXFileReference; fileEncoding = 4; lastKnownFileType = sourcecode.c.objc; path = SPCaptureHelper.m; sourceTree = "<group>"; };
		755307D416B1D90D00536075 /* TimeHelper.h */ = {isa = PBXFileReference; fileEncoding = 4; lastKnownFileType = sourcecode.c.h; path = TimeHelper.h; sourceTree = "<group>"; };
		755307D516B1D90D00536075 /* TimeHelper.m */ = {isa = PBXFileReference; fileEncoding = 4; lastKnownFileType = sourcecode.c.objc; path = TimeHelper.m; sourceTree = "<group>"; };
		755307DA16B1D91C00536075 /* SPSoundHelper.h */ = {isa = PBXFileReference; fileEncoding = 4; lastKnownFileType = sourcecode.c.h; path = SPSoundHelper.h; sourceTree = "<group>"; };
		755307DB16B1D91C00536075 /* SPSoundHelper.m */ = {isa = PBXFileReference; fileEncoding = 4; lastKnownFileType = sourcecode.c.objc; path = SPSoundHelper.m; sourceTree = "<group>"; };
		755307E016B1DDAC00536075 /* SPProfileManager.h */ = {isa = PBXFileReference; fileEncoding = 4; lastKnownFileType = sourcecode.c.h; path = SPProfileManager.h; sourceTree = "<group>"; };
		755307E116B1DDAC00536075 /* SPProfileManager.m */ = {isa = PBXFileReference; fileEncoding = 4; lastKnownFileType = sourcecode.c.objc; path = SPProfileManager.m; sourceTree = "<group>"; };
		755307E816B1DEAA00536075 /* UIImage+Alpha.h */ = {isa = PBXFileReference; fileEncoding = 4; lastKnownFileType = sourcecode.c.h; path = "UIImage+Alpha.h"; sourceTree = "<group>"; };
		755307E916B1DEAA00536075 /* UIImage+Alpha.m */ = {isa = PBXFileReference; fileEncoding = 4; lastKnownFileType = sourcecode.c.objc; path = "UIImage+Alpha.m"; sourceTree = "<group>"; };
		755307EA16B1DEAA00536075 /* UIImage+Resize.h */ = {isa = PBXFileReference; fileEncoding = 4; lastKnownFileType = sourcecode.c.h; path = "UIImage+Resize.h"; sourceTree = "<group>"; };
		755307EB16B1DEAA00536075 /* UIImage+Resize.m */ = {isa = PBXFileReference; fileEncoding = 4; lastKnownFileType = sourcecode.c.objc; path = "UIImage+Resize.m"; sourceTree = "<group>"; };
		755307EC16B1DEAA00536075 /* UIImage+RoundedCorner.h */ = {isa = PBXFileReference; fileEncoding = 4; lastKnownFileType = sourcecode.c.h; path = "UIImage+RoundedCorner.h"; sourceTree = "<group>"; };
		755307ED16B1DEAA00536075 /* UIImage+RoundedCorner.m */ = {isa = PBXFileReference; fileEncoding = 4; lastKnownFileType = sourcecode.c.objc; path = "UIImage+RoundedCorner.m"; sourceTree = "<group>"; };
		755307FC16B1E10A00536075 /* SPMessage.h */ = {isa = PBXFileReference; fileEncoding = 4; lastKnownFileType = sourcecode.c.h; path = SPMessage.h; sourceTree = "<group>"; };
		755307FD16B1E10A00536075 /* SPMessage.m */ = {isa = PBXFileReference; fileEncoding = 4; lastKnownFileType = sourcecode.c.objc; path = SPMessage.m; sourceTree = "<group>"; };
		755307FE16B1E10A00536075 /* SPMessageAccount.h */ = {isa = PBXFileReference; fileEncoding = 4; lastKnownFileType = sourcecode.c.h; path = SPMessageAccount.h; sourceTree = "<group>"; };
		755307FF16B1E10A00536075 /* SPMessageAccount.m */ = {isa = PBXFileReference; fileEncoding = 4; lastKnownFileType = sourcecode.c.objc; path = SPMessageAccount.m; sourceTree = "<group>"; };
		7553080016B1E10A00536075 /* SPMessageManager.h */ = {isa = PBXFileReference; fileEncoding = 4; lastKnownFileType = sourcecode.c.h; path = SPMessageManager.h; sourceTree = "<group>"; };
		7553080116B1E10A00536075 /* SPMessageManager.m */ = {isa = PBXFileReference; fileEncoding = 4; lastKnownFileType = sourcecode.c.objc; path = SPMessageManager.m; sourceTree = "<group>"; };
		7553080216B1E10A00536075 /* SPMessages.h */ = {isa = PBXFileReference; fileEncoding = 4; lastKnownFileType = sourcecode.c.h; path = SPMessages.h; sourceTree = "<group>"; };
		7553080316B1E10A00536075 /* SPMessageThread.h */ = {isa = PBXFileReference; fileEncoding = 4; lastKnownFileType = sourcecode.c.h; path = SPMessageThread.h; sourceTree = "<group>"; };
		7553080416B1E10A00536075 /* SPMessageThread.m */ = {isa = PBXFileReference; fileEncoding = 4; lastKnownFileType = sourcecode.c.objc; path = SPMessageThread.m; sourceTree = "<group>"; };
		7553080516B1E10A00536075 /* SPMessageThread+Sorting.h */ = {isa = PBXFileReference; fileEncoding = 4; lastKnownFileType = sourcecode.c.h; path = "SPMessageThread+Sorting.h"; sourceTree = "<group>"; };
		7553080616B1E10A00536075 /* SPMessageThread+Sorting.m */ = {isa = PBXFileReference; fileEncoding = 4; lastKnownFileType = sourcecode.c.objc; path = "SPMessageThread+Sorting.m"; sourceTree = "<group>"; };
		7553081E16B1E38300536075 /* SPLocationManager.h */ = {isa = PBXFileReference; fileEncoding = 4; lastKnownFileType = sourcecode.c.h; path = SPLocationManager.h; sourceTree = "<group>"; };
		7553081F16B1E38300536075 /* SPLocationManager.m */ = {isa = PBXFileReference; fileEncoding = 4; lastKnownFileType = sourcecode.c.objc; path = SPLocationManager.m; sourceTree = "<group>"; };
		7553082016B1E38300536075 /* SPLocations.h */ = {isa = PBXFileReference; fileEncoding = 4; lastKnownFileType = sourcecode.c.h; path = SPLocations.h; sourceTree = "<group>"; };
		7553082A16B30EF100536075 /* messageStorage 2.xcdatamodel */ = {isa = PBXFileReference; lastKnownFileType = wrapper.xcdatamodel; path = "messageStorage 2.xcdatamodel"; sourceTree = "<group>"; };
		755DDDCF16AEF68F00AA8D29 /* SinglePicCommon.framework */ = {isa = PBXFileReference; explicitFileType = wrapper.framework; includeInIndex = 0; path = SinglePicCommon.framework; sourceTree = BUILT_PRODUCTS_DIR; };
		755DDDD216AEF68F00AA8D29 /* Cocoa.framework */ = {isa = PBXFileReference; lastKnownFileType = wrapper.framework; name = Cocoa.framework; path = System/Library/Frameworks/Cocoa.framework; sourceTree = SDKROOT; };
		755DDDD516AEF68F00AA8D29 /* AppKit.framework */ = {isa = PBXFileReference; lastKnownFileType = wrapper.framework; name = AppKit.framework; path = System/Library/Frameworks/AppKit.framework; sourceTree = SDKROOT; };
		755DDDD616AEF68F00AA8D29 /* CoreData.framework */ = {isa = PBXFileReference; lastKnownFileType = wrapper.framework; name = CoreData.framework; path = System/Library/Frameworks/CoreData.framework; sourceTree = SDKROOT; };
		755DDDD716AEF68F00AA8D29 /* Foundation.framework */ = {isa = PBXFileReference; lastKnownFileType = wrapper.framework; name = Foundation.framework; path = System/Library/Frameworks/Foundation.framework; sourceTree = SDKROOT; };
		755DDDDA16AEF68F00AA8D29 /* SinglePicCommon-Info.plist */ = {isa = PBXFileReference; lastKnownFileType = text.plist.xml; path = "SinglePicCommon-Info.plist"; sourceTree = "<group>"; };
		755DDDDC16AEF69000AA8D29 /* en */ = {isa = PBXFileReference; lastKnownFileType = text.plist.strings; name = en; path = en.lproj/InfoPlist.strings; sourceTree = "<group>"; };
		755DDDDE16AEF69000AA8D29 /* SinglePicCommon-Prefix.pch */ = {isa = PBXFileReference; lastKnownFileType = sourcecode.c.h; path = "SinglePicCommon-Prefix.pch"; sourceTree = "<group>"; };
		755DDDDF16AEF69000AA8D29 /* SinglePicCommon.h */ = {isa = PBXFileReference; lastKnownFileType = sourcecode.c.h; path = SinglePicCommon.h; sourceTree = "<group>"; };
		755DDDEC16AEF76E00AA8D29 /* Foundation.framework */ = {isa = PBXFileReference; lastKnownFileType = wrapper.framework; name = Foundation.framework; path = System/Library/Frameworks/Foundation.framework; sourceTree = SDKROOT; };
		755DDE6716AF058E00AA8D29 /* libSinglePicCommon.a */ = {isa = PBXFileReference; explicitFileType = archive.ar; includeInIndex = 0; path = libSinglePicCommon.a; sourceTree = BUILT_PRODUCTS_DIR; };
		755DDE6E16AF058E00AA8D29 /* SinglePicCommon.m */ = {isa = PBXFileReference; lastKnownFileType = sourcecode.c.objc; path = SinglePicCommon.m; sourceTree = "<group>"; };
		75C5A04516B1A07A00CBAE31 /* SPBaseApplicationController.h */ = {isa = PBXFileReference; fileEncoding = 4; lastKnownFileType = sourcecode.c.h; path = SPBaseApplicationController.h; sourceTree = "<group>"; };
		75C5A05216B1B78700CBAE31 /* README.md */ = {isa = PBXFileReference; fileEncoding = 4; lastKnownFileType = text; path = README.md; sourceTree = "<group>"; };
		75C5A05316B1B78700CBAE31 /* TestFlight.h */ = {isa = PBXFileReference; fileEncoding = 4; lastKnownFileType = sourcecode.c.h; path = TestFlight.h; sourceTree = "<group>"; };
		75C5A05416B1B78700CBAE31 /* libTestFlight.a */ = {isa = PBXFileReference; lastKnownFileType = archive.ar; path = libTestFlight.a; sourceTree = "<group>"; };
		75C5A05516B1B78700CBAE31 /* release_notes.md */ = {isa = PBXFileReference; fileEncoding = 4; lastKnownFileType = text; path = release_notes.md; sourceTree = "<group>"; };
		F05EFA3816B2BEB700AB0929 /* ImageIO.framework */ = {isa = PBXFileReference; lastKnownFileType = wrapper.framework; name = ImageIO.framework; path = System/Library/Frameworks/ImageIO.framework; sourceTree = SDKROOT; };
		F05EFA3B16B2BEDD00AB0929 /* ImageIO.framework */ = {isa = PBXFileReference; lastKnownFileType = wrapper.framework; name = ImageIO.framework; path = Platforms/iPhoneOS.platform/Developer/SDKs/iPhoneOS6.1.sdk/System/Library/Frameworks/ImageIO.framework; sourceTree = DEVELOPER_DIR; };
		F05EFA4116B2BF9D00AB0929 /* AVFoundation.framework */ = {isa = PBXFileReference; lastKnownFileType = wrapper.framework; name = AVFoundation.framework; path = System/Library/Frameworks/AVFoundation.framework; sourceTree = SDKROOT; };
		F05EFA4316B2BFC400AB0929 /* AudioToolbox.framework */ = {isa = PBXFileReference; lastKnownFileType = wrapper.framework; name = AudioToolbox.framework; path = System/Library/Frameworks/AudioToolbox.framework; sourceTree = SDKROOT; };
		F05EFA4516B2BFEE00AB0929 /* CoreMedia.framework */ = {isa = PBXFileReference; lastKnownFileType = wrapper.framework; name = CoreMedia.framework; path = System/Library/Frameworks/CoreMedia.framework; sourceTree = SDKROOT; };
		F0AC302016BCD97C0031535F /* SPMessageThread+Description.h */ = {isa = PBXFileReference; fileEncoding = 4; lastKnownFileType = sourcecode.c.h; path = "SPMessageThread+Description.h"; sourceTree = "<group>"; };
		F0AC302216BCD9D50031535F /* SPMessageThread+Description.m */ = {isa = PBXFileReference; fileEncoding = 4; lastKnownFileType = sourcecode.c.objc; path = "SPMessageThread+Description.m"; sourceTree = "<group>"; };
		F0F1586116B4168000E831B7 /* NSImage+MGCropExtensions.h */ = {isa = PBXFileReference; fileEncoding = 4; lastKnownFileType = sourcecode.c.h; path = "NSImage+MGCropExtensions.h"; sourceTree = "<group>"; };
		F0F1586216B4168000E831B7 /* NSImage+MGCropExtensions.m */ = {isa = PBXFileReference; fileEncoding = 4; lastKnownFileType = sourcecode.c.objc; path = "NSImage+MGCropExtensions.m"; sourceTree = "<group>"; };
		F0F1586516B6B54D00E831B7 /* SPErrorNotifierController.h */ = {isa = PBXFileReference; fileEncoding = 4; lastKnownFileType = sourcecode.c.h; path = SPErrorNotifierController.h; sourceTree = "<group>"; };
/* End PBXFileReference section */

/* Begin PBXFrameworksBuildPhase section */
		755DDDCB16AEF68F00AA8D29 /* Frameworks */ = {
			isa = PBXFrameworksBuildPhase;
			buildActionMask = 2147483647;
			files = (
				F05EFA4616B2BFEE00AB0929 /* CoreMedia.framework in Frameworks */,
				F05EFA4416B2BFC400AB0929 /* AudioToolbox.framework in Frameworks */,
				F05EFA4216B2BF9D00AB0929 /* AVFoundation.framework in Frameworks */,
				F05EFA3916B2BEB800AB0929 /* ImageIO.framework in Frameworks */,
				755307C116B1D58900536075 /* CoreLocation.framework in Frameworks */,
				753F072D16B18ED1004C3351 /* SystemConfiguration.framework in Frameworks */,
				753F072716B1878B004C3351 /* Foundation.framework in Frameworks */,
				755DDDD316AEF68F00AA8D29 /* Cocoa.framework in Frameworks */,
			);
			runOnlyForDeploymentPostprocessing = 0;
		};
		755DDE6416AF058E00AA8D29 /* Frameworks */ = {
			isa = PBXFrameworksBuildPhase;
			buildActionMask = 2147483647;
			files = (
				F05EFA3C16B2BEDD00AB0929 /* ImageIO.framework in Frameworks */,
				755307AF16B1CBD700536075 /* Crashlytics.framework in Frameworks */,
				753F077616B19AEE004C3351 /* UIKit.framework in Frameworks */,
				753F072B16B1896D004C3351 /* SystemConfiguration.framework in Frameworks */,
				753F072916B18967004C3351 /* MobileCoreServices.framework in Frameworks */,
				755DDE6816AF058E00AA8D29 /* Foundation.framework in Frameworks */,
				75C5A05A16B1B78700CBAE31 /* libTestFlight.a in Frameworks */,
			);
			runOnlyForDeploymentPostprocessing = 0;
		};
/* End PBXFrameworksBuildPhase section */

/* Begin PBXGroup section */
		753F06E716B183FF004C3351 /* AFNetworking */ = {
			isa = PBXGroup;
			children = (
				753F06E816B183FF004C3351 /* AFHTTPClient.h */,
				753F06E916B183FF004C3351 /* AFHTTPClient.m */,
				753F06EA16B183FF004C3351 /* AFHTTPRequestOperation.h */,
				753F06EB16B183FF004C3351 /* AFHTTPRequestOperation.m */,
				753F06EC16B183FF004C3351 /* AFImageRequestOperation.h */,
				753F06ED16B183FF004C3351 /* AFImageRequestOperation.m */,
				753F06EE16B183FF004C3351 /* AFJSONRequestOperation.h */,
				753F06EF16B183FF004C3351 /* AFJSONRequestOperation.m */,
				753F06F016B183FF004C3351 /* AFNetworkActivityIndicatorManager.h */,
				753F06F116B183FF004C3351 /* AFNetworkActivityIndicatorManager.m */,
				753F06F216B183FF004C3351 /* AFNetworking.h */,
				753F06F316B183FF004C3351 /* AFPropertyListRequestOperation.h */,
				753F06F416B183FF004C3351 /* AFPropertyListRequestOperation.m */,
				753F06F516B183FF004C3351 /* AFURLConnectionOperation.h */,
				753F06F616B183FF004C3351 /* AFURLConnectionOperation.m */,
				753F06F716B183FF004C3351 /* AFXMLRequestOperation.h */,
				753F06F816B183FF004C3351 /* AFXMLRequestOperation.m */,
				753F06F916B183FF004C3351 /* UIImageView+AFNetworking.h */,
				753F06FA16B183FF004C3351 /* UIImageView+AFNetworking.m */,
			);
			path = AFNetworking;
			sourceTree = "<group>";
		};
		753F073416B19889004C3351 /* Libraries */ = {
			isa = PBXGroup;
			children = (
				75C5A05116B1B78700CBAE31 /* TestFlight */,
				753F076B16B19AA7004C3351 /* NSLogger */,
				753F06E716B183FF004C3351 /* AFNetworking */,
			);
			name = Libraries;
			sourceTree = "<group>";
		};
		753F073516B19891004C3351 /* Managers */ = {
			isa = PBXGroup;
			children = (
				7553081D16B1E36A00536075 /* Locations */,
				755307FB16B1E09000536075 /* Messages */,
				755307C916B1D85F00536075 /* Profiles */,
				755307B016B1D2A600536075 /* Buckets */,
				753F076016B199BE004C3351 /* Settings */,
				753F074316B19937004C3351 /* Errors */,
				753F073616B198E6004C3351 /* Requests */,
			);
			name = Managers;
			sourceTree = "<group>";
		};
		753F073616B198E6004C3351 /* Requests */ = {
			isa = PBXGroup;
			children = (
				753F073716B198F0004C3351 /* SPReachabilityReporter.h */,
				753F073816B198F0004C3351 /* SPRequestManager.h */,
				753F073916B198F0004C3351 /* SPRequestManager.m */,
				753F073A16B198F0004C3351 /* SPRequests.h */,
			);
			name = Requests;
			sourceTree = "<group>";
		};
		753F074316B19937004C3351 /* Errors */ = {
			isa = PBXGroup;
			children = (
				753F074516B1996E004C3351 /* SPErrorManager.h */,
				753F074616B1996E004C3351 /* SPErrorManager.m */,
				753F074916B1996E004C3351 /* SPErrors.h */,
				753F074416B1993C004C3351 /* Custom Errors */,
			);
			name = Errors;
			sourceTree = "<group>";
		};
		753F074416B1993C004C3351 /* Custom Errors */ = {
			isa = PBXGroup;
			children = (
				753F074716B1996E004C3351 /* SPErrorProfile.h */,
				753F074816B1996E004C3351 /* SPErrorProfile.m */,
				753F074C16B1996E004C3351 /* SPWebServiceErrorProfile.h */,
				753F074D16B1996E004C3351 /* SPWebServiceErrorProfile.m */,
				753F074A16B1996E004C3351 /* SPWebServiceError.h */,
				753F074B16B1996E004C3351 /* SPWebServiceError.m */,
			);
			name = "Custom Errors";
			sourceTree = "<group>";
		};
		753F076016B199BE004C3351 /* Settings */ = {
			isa = PBXGroup;
			children = (
				753F076116B199E0004C3351 /* SPSettings.h */,
				753F076216B199E0004C3351 /* SPSettingsManager.h */,
				753F076316B199E0004C3351 /* SPSettingsManager.m */,
			);
			name = Settings;
			sourceTree = "<group>";
		};
		753F076B16B19AA7004C3351 /* NSLogger */ = {
			isa = PBXGroup;
			children = (
				753F076C16B19AA7004C3351 /* LoggerClient.h */,
				753F076D16B19AA7004C3351 /* LoggerClient.m */,
				753F076E16B19AA7004C3351 /* LoggerCommon.h */,
			);
			path = NSLogger;
			sourceTree = "<group>";
		};
		755307B016B1D2A600536075 /* Buckets */ = {
			isa = PBXGroup;
			children = (
				755307B316B1D2CB00536075 /* SPBucketManager.h */,
				755307B416B1D2CB00536075 /* SPBucketManager.m */,
				755307B516B1D2CB00536075 /* SPBuckets.h */,
			);
			name = Buckets;
			sourceTree = "<group>";
		};
		755307C216B1D7AF00536075 /* Models */ = {
			isa = PBXGroup;
			children = (
				755307FE16B1E10A00536075 /* SPMessageAccount.h */,
				755307FF16B1E10A00536075 /* SPMessageAccount.m */,
				755307FC16B1E10A00536075 /* SPMessage.h */,
				755307FD16B1E10A00536075 /* SPMessage.m */,
				7553080316B1E10A00536075 /* SPMessageThread.h */,
				7553080416B1E10A00536075 /* SPMessageThread.m */,
				755307C316B1D7E300536075 /* SPProfile.h */,
				755307C416B1D7E300536075 /* SPProfile.m */,
				755307B116B1D2CB00536075 /* SPBucket.h */,
				755307B216B1D2CB00536075 /* SPBucket.m */,
			);
			name = Models;
			sourceTree = "<group>";
		};
		755307C916B1D85F00536075 /* Profiles */ = {
			isa = PBXGroup;
			children = (
				755307E016B1DDAC00536075 /* SPProfileManager.h */,
				755307E116B1DDAC00536075 /* SPProfileManager.m */,
				755307CA16B1D87300536075 /* SPProfiles.h */,
			);
			name = Profiles;
			sourceTree = "<group>";
		};
		755307CD16B1D8F000536075 /* Helpers */ = {
			isa = PBXGroup;
			children = (
				755307DA16B1D91C00536075 /* SPSoundHelper.h */,
				755307DB16B1D91C00536075 /* SPSoundHelper.m */,
				755307D416B1D90D00536075 /* TimeHelper.h */,
				755307D516B1D90D00536075 /* TimeHelper.m */,
				755307CE16B1D90000536075 /* SPCaptureHelper.h */,
				755307CF16B1D90000536075 /* SPCaptureHelper.m */,
			);
			name = Helpers;
			sourceTree = "<group>";
		};
		755307E616B1DE6B00536075 /* Categories */ = {
			isa = PBXGroup;
			children = (
				F0F1586016B4165E00E831B7 /* NSImage */,
				7553082716B2ECBD00536075 /* SPMessageThread */,
				755307E716B1DE9B00536075 /* UIImage */,
			);
			name = Categories;
			sourceTree = "<group>";
		};
		755307E716B1DE9B00536075 /* UIImage */ = {
			isa = PBXGroup;
			children = (
				755307E816B1DEAA00536075 /* UIImage+Alpha.h */,
				755307E916B1DEAA00536075 /* UIImage+Alpha.m */,
				755307EA16B1DEAA00536075 /* UIImage+Resize.h */,
				755307EB16B1DEAA00536075 /* UIImage+Resize.m */,
				755307EC16B1DEAA00536075 /* UIImage+RoundedCorner.h */,
				755307ED16B1DEAA00536075 /* UIImage+RoundedCorner.m */,
			);
			name = UIImage;
			sourceTree = "<group>";
		};
		755307FB16B1E09000536075 /* Messages */ = {
			isa = PBXGroup;
			children = (
				7553082816B30E5300536075 /* Storage */,
				7553080016B1E10A00536075 /* SPMessageManager.h */,
				7553080116B1E10A00536075 /* SPMessageManager.m */,
				7553080216B1E10A00536075 /* SPMessages.h */,
			);
			name = Messages;
			sourceTree = "<group>";
		};
		7553081D16B1E36A00536075 /* Locations */ = {
			isa = PBXGroup;
			children = (
				7553081E16B1E38300536075 /* SPLocationManager.h */,
				7553081F16B1E38300536075 /* SPLocationManager.m */,
				7553082016B1E38300536075 /* SPLocations.h */,
			);
			name = Locations;
			sourceTree = "<group>";
		};
		7553082716B2ECBD00536075 /* SPMessageThread */ = {
			isa = PBXGroup;
			children = (
				7553080516B1E10A00536075 /* SPMessageThread+Sorting.h */,
				7553080616B1E10A00536075 /* SPMessageThread+Sorting.m */,
				F0AC302016BCD97C0031535F /* SPMessageThread+Description.h */,
				F0AC302216BCD9D50031535F /* SPMessageThread+Description.m */,
			);
			name = SPMessageThread;
			sourceTree = "<group>";
		};
		7553082816B30E5300536075 /* Storage */ = {
			isa = PBXGroup;
			children = (
				7553082916B30EF100536075 /* messageStorage.xcdatamodeld */,
			);
			name = Storage;
			sourceTree = "<group>";
		};
		755DDDC516AEF68F00AA8D29 = {
			isa = PBXGroup;
			children = (
				755DDDD816AEF68F00AA8D29 /* SinglePicCommon */,
				755DDDD116AEF68F00AA8D29 /* Frameworks */,
				755DDDD016AEF68F00AA8D29 /* Products */,
			);
			sourceTree = "<group>";
		};
		755DDDD016AEF68F00AA8D29 /* Products */ = {
			isa = PBXGroup;
			children = (
				755DDDCF16AEF68F00AA8D29 /* SinglePicCommon.framework */,
				755DDE6716AF058E00AA8D29 /* libSinglePicCommon.a */,
			);
			name = Products;
			sourceTree = "<group>";
		};
		755DDDD116AEF68F00AA8D29 /* Frameworks */ = {
			isa = PBXGroup;
			children = (
				F05EFA4516B2BFEE00AB0929 /* CoreMedia.framework */,
				F05EFA4316B2BFC400AB0929 /* AudioToolbox.framework */,
				F05EFA4116B2BF9D00AB0929 /* AVFoundation.framework */,
				F05EFA3B16B2BEDD00AB0929 /* ImageIO.framework */,
				F05EFA3816B2BEB700AB0929 /* ImageIO.framework */,
				755307C016B1D58900536075 /* CoreLocation.framework */,
				755307AE16B1CBD700536075 /* Crashlytics.framework */,
				753F077516B19AEE004C3351 /* UIKit.framework */,
				753F072C16B18ED1004C3351 /* SystemConfiguration.framework */,
				755DDDD516AEF68F00AA8D29 /* AppKit.framework */,
				755DDDD616AEF68F00AA8D29 /* CoreData.framework */,
				755DDDD716AEF68F00AA8D29 /* Foundation.framework */,
				753F072A16B1896D004C3351 /* SystemConfiguration.framework */,
				753F072816B18967004C3351 /* MobileCoreServices.framework */,
				755DDDD216AEF68F00AA8D29 /* Cocoa.framework */,
				755DDDEC16AEF76E00AA8D29 /* Foundation.framework */,
			);
			name = Frameworks;
			sourceTree = "<group>";
		};
		755DDDD816AEF68F00AA8D29 /* SinglePicCommon */ = {
			isa = PBXGroup;
			children = (
				755307E616B1DE6B00536075 /* Categories */,
				755307CD16B1D8F000536075 /* Helpers */,
				755307C216B1D7AF00536075 /* Models */,
				75C5A04416B19FAA00CBAE31 /* Controllers */,
				753F073416B19889004C3351 /* Libraries */,
				753F073516B19891004C3351 /* Managers */,
				755DDDDF16AEF69000AA8D29 /* SinglePicCommon.h */,
				755DDE6E16AF058E00AA8D29 /* SinglePicCommon.m */,
				755DDDD916AEF68F00AA8D29 /* Supporting Files */,
			);
			path = SinglePicCommon;
			sourceTree = "<group>";
		};
		755DDDD916AEF68F00AA8D29 /* Supporting Files */ = {
			isa = PBXGroup;
			children = (
				755DDDDA16AEF68F00AA8D29 /* SinglePicCommon-Info.plist */,
				755DDDDB16AEF69000AA8D29 /* InfoPlist.strings */,
				755DDDDE16AEF69000AA8D29 /* SinglePicCommon-Prefix.pch */,
			);
			name = "Supporting Files";
			sourceTree = "<group>";
		};
		75C5A04416B19FAA00CBAE31 /* Controllers */ = {
			isa = PBXGroup;
			children = (
				75C5A04516B1A07A00CBAE31 /* SPBaseApplicationController.h */,
				F0F1586516B6B54D00E831B7 /* SPErrorNotifierController.h */,
			);
			name = Controllers;
			sourceTree = "<group>";
		};
		75C5A05116B1B78700CBAE31 /* TestFlight */ = {
			isa = PBXGroup;
			children = (
				75C5A05216B1B78700CBAE31 /* README.md */,
				75C5A05316B1B78700CBAE31 /* TestFlight.h */,
				75C5A05416B1B78700CBAE31 /* libTestFlight.a */,
				75C5A05516B1B78700CBAE31 /* release_notes.md */,
			);
			path = TestFlight;
			sourceTree = "<group>";
		};
		F0F1586016B4165E00E831B7 /* NSImage */ = {
			isa = PBXGroup;
			children = (
				F0F1586116B4168000E831B7 /* NSImage+MGCropExtensions.h */,
				F0F1586216B4168000E831B7 /* NSImage+MGCropExtensions.m */,
			);
			name = NSImage;
			sourceTree = "<group>";
		};
/* End PBXGroup section */

/* Begin PBXHeadersBuildPhase section */
		755DDDCC16AEF68F00AA8D29 /* Headers */ = {
			isa = PBXHeadersBuildPhase;
			buildActionMask = 2147483647;
			files = (
				F0F1586316B4168000E831B7 /* NSImage+MGCropExtensions.h in Headers */,
				755DDDF916AEF85F00AA8D29 /* SinglePicCommon.h in Headers */,
				753F06FB16B183FF004C3351 /* AFHTTPClient.h in Headers */,
				753F06FF16B183FF004C3351 /* AFHTTPRequestOperation.h in Headers */,
				753F070316B183FF004C3351 /* AFImageRequestOperation.h in Headers */,
				753F070716B183FF004C3351 /* AFJSONRequestOperation.h in Headers */,
				753F070B16B183FF004C3351 /* AFNetworkActivityIndicatorManager.h in Headers */,
				753F070F16B183FF004C3351 /* AFNetworking.h in Headers */,
				753F071116B183FF004C3351 /* AFPropertyListRequestOperation.h in Headers */,
				753F071516B183FF004C3351 /* AFURLConnectionOperation.h in Headers */,
				753F071916B183FF004C3351 /* AFXMLRequestOperation.h in Headers */,
				753F071D16B183FF004C3351 /* UIImageView+AFNetworking.h in Headers */,
				753F073B16B198F0004C3351 /* SPReachabilityReporter.h in Headers */,
				753F073D16B198F0004C3351 /* SPRequestManager.h in Headers */,
				753F074116B198F0004C3351 /* SPRequests.h in Headers */,
				753F074E16B1996E004C3351 /* SPErrorManager.h in Headers */,
				753F075216B1996E004C3351 /* SPErrorProfile.h in Headers */,
				753F075616B1996E004C3351 /* SPErrors.h in Headers */,
				753F075816B1996E004C3351 /* SPWebServiceError.h in Headers */,
				753F075C16B1996E004C3351 /* SPWebServiceErrorProfile.h in Headers */,
				753F076416B199E0004C3351 /* SPSettings.h in Headers */,
				753F076F16B19AA7004C3351 /* LoggerClient.h in Headers */,
				753F077316B19AA7004C3351 /* LoggerCommon.h in Headers */,
				753F076616B199E0004C3351 /* SPSettingsManager.h in Headers */,
				75C5A04616B1A07A00CBAE31 /* SPBaseApplicationController.h in Headers */,
				755307B616B1D2CB00536075 /* SPBucket.h in Headers */,
				755307BA16B1D2CB00536075 /* SPBucketManager.h in Headers */,
				755307BE16B1D2CB00536075 /* SPBuckets.h in Headers */,
				755307C516B1D7E300536075 /* SPProfile.h in Headers */,
				755307CB16B1D87300536075 /* SPProfiles.h in Headers */,
				755307D016B1D90000536075 /* SPCaptureHelper.h in Headers */,
				755307D616B1D90D00536075 /* TimeHelper.h in Headers */,
				755307DC16B1D91C00536075 /* SPSoundHelper.h in Headers */,
				755307E216B1DDAC00536075 /* SPProfileManager.h in Headers */,
				755307EE16B1DEAA00536075 /* UIImage+Alpha.h in Headers */,
				755307F216B1DEAA00536075 /* UIImage+Resize.h in Headers */,
				755307F616B1DEAA00536075 /* UIImage+RoundedCorner.h in Headers */,
				7553080716B1E10A00536075 /* SPMessage.h in Headers */,
				7553080B16B1E10A00536075 /* SPMessageAccount.h in Headers */,
				7553080F16B1E10A00536075 /* SPMessageManager.h in Headers */,
				7553081316B1E10A00536075 /* SPMessages.h in Headers */,
				7553081516B1E10A00536075 /* SPMessageThread.h in Headers */,
				7553081916B1E10A00536075 /* SPMessageThread+Sorting.h in Headers */,
				7553082116B1E38300536075 /* SPLocationManager.h in Headers */,
				7553082516B1E38300536075 /* SPLocations.h in Headers */,
				F0F1586616B6B54D00E831B7 /* SPErrorNotifierController.h in Headers */,
				F0AC302116BCD97C0031535F /* SPMessageThread+Description.h in Headers */,
			);
			runOnlyForDeploymentPostprocessing = 0;
		};
/* End PBXHeadersBuildPhase section */

/* Begin PBXNativeTarget section */
		755DDDCE16AEF68F00AA8D29 /* SinglePicCommon.framework */ = {
			isa = PBXNativeTarget;
			buildConfigurationList = 755DDDE416AEF69000AA8D29 /* Build configuration list for PBXNativeTarget "SinglePicCommon.framework" */;
			buildPhases = (
				755DDDCA16AEF68F00AA8D29 /* Sources */,
				755DDDCB16AEF68F00AA8D29 /* Frameworks */,
				755DDDCC16AEF68F00AA8D29 /* Headers */,
				755DDDCD16AEF68F00AA8D29 /* Resources */,
			);
			buildRules = (
			);
			dependencies = (
			);
			name = SinglePicCommon.framework;
			productName = SinglePicCommon;
			productReference = 755DDDCF16AEF68F00AA8D29 /* SinglePicCommon.framework */;
			productType = "com.apple.product-type.framework";
		};
		755DDE6616AF058E00AA8D29 /* SinglePicCommon */ = {
			isa = PBXNativeTarget;
			buildConfigurationList = 755DDE7016AF058E00AA8D29 /* Build configuration list for PBXNativeTarget "SinglePicCommon" */;
			buildPhases = (
				755DDE6316AF058E00AA8D29 /* Sources */,
				755DDE6416AF058E00AA8D29 /* Frameworks */,
				755DDE6516AF058E00AA8D29 /* CopyFiles */,
			);
			buildRules = (
			);
			dependencies = (
			);
			name = SinglePicCommon;
			productName = SinglePicCommon;
			productReference = 755DDE6716AF058E00AA8D29 /* libSinglePicCommon.a */;
			productType = "com.apple.product-type.library.static";
		};
/* End PBXNativeTarget section */

/* Begin PBXProject section */
		755DDDC616AEF68F00AA8D29 /* Project object */ = {
			isa = PBXProject;
			attributes = {
				LastUpgradeCheck = 0460;
				ORGANIZATIONNAME = "Ryan Renna";
			};
			buildConfigurationList = 755DDDC916AEF68F00AA8D29 /* Build configuration list for PBXProject "SinglePicCommon" */;
			compatibilityVersion = "Xcode 3.2";
			developmentRegion = English;
			hasScannedForEncodings = 0;
			knownRegions = (
				en,
			);
			mainGroup = 755DDDC516AEF68F00AA8D29;
			productRefGroup = 755DDDD016AEF68F00AA8D29 /* Products */;
			projectDirPath = "";
			projectRoot = "";
			targets = (
				755DDDCE16AEF68F00AA8D29 /* SinglePicCommon.framework */,
				755DDE6616AF058E00AA8D29 /* SinglePicCommon */,
			);
		};
/* End PBXProject section */

/* Begin PBXResourcesBuildPhase section */
		755DDDCD16AEF68F00AA8D29 /* Resources */ = {
			isa = PBXResourcesBuildPhase;
			buildActionMask = 2147483647;
			files = (
				755DDDDD16AEF69000AA8D29 /* InfoPlist.strings in Resources */,
				75C5A05616B1B78700CBAE31 /* README.md in Resources */,
				75C5A05B16B1B78700CBAE31 /* release_notes.md in Resources */,
			);
			runOnlyForDeploymentPostprocessing = 0;
		};
/* End PBXResourcesBuildPhase section */

/* Begin PBXSourcesBuildPhase section */
		755DDDCA16AEF68F00AA8D29 /* Sources */ = {
			isa = PBXSourcesBuildPhase;
			buildActionMask = 2147483647;
			files = (
				755DDE7316AF068000AA8D29 /* SinglePicCommon.m in Sources */,
				753F06FD16B183FF004C3351 /* AFHTTPClient.m in Sources */,
				753F070116B183FF004C3351 /* AFHTTPRequestOperation.m in Sources */,
				753F070516B183FF004C3351 /* AFImageRequestOperation.m in Sources */,
				753F070916B183FF004C3351 /* AFJSONRequestOperation.m in Sources */,
				753F070D16B183FF004C3351 /* AFNetworkActivityIndicatorManager.m in Sources */,
				753F071316B183FF004C3351 /* AFPropertyListRequestOperation.m in Sources */,
				753F071716B183FF004C3351 /* AFURLConnectionOperation.m in Sources */,
				753F071B16B183FF004C3351 /* AFXMLRequestOperation.m in Sources */,
				753F071F16B183FF004C3351 /* UIImageView+AFNetworking.m in Sources */,
				753F073F16B198F0004C3351 /* SPRequestManager.m in Sources */,
				753F075016B1996E004C3351 /* SPErrorManager.m in Sources */,
				753F075416B1996E004C3351 /* SPErrorProfile.m in Sources */,
				753F075A16B1996E004C3351 /* SPWebServiceError.m in Sources */,
				753F075E16B1996E004C3351 /* SPWebServiceErrorProfile.m in Sources */,
				753F076816B199E0004C3351 /* SPSettingsManager.m in Sources */,
				753F077116B19AA7004C3351 /* LoggerClient.m in Sources */,
				755307B816B1D2CB00536075 /* SPBucket.m in Sources */,
				755307BC16B1D2CB00536075 /* SPBucketManager.m in Sources */,
				755307C716B1D7E300536075 /* SPProfile.m in Sources */,
				755307D216B1D90000536075 /* SPCaptureHelper.m in Sources */,
				755307D816B1D90D00536075 /* TimeHelper.m in Sources */,
				755307DE16B1D91C00536075 /* SPSoundHelper.m in Sources */,
				755307E416B1DDAC00536075 /* SPProfileManager.m in Sources */,
				755307F016B1DEAA00536075 /* UIImage+Alpha.m in Sources */,
				755307F416B1DEAA00536075 /* UIImage+Resize.m in Sources */,
				755307F816B1DEAA00536075 /* UIImage+RoundedCorner.m in Sources */,
				7553080916B1E10A00536075 /* SPMessage.m in Sources */,
				7553080D16B1E10A00536075 /* SPMessageAccount.m in Sources */,
				7553081116B1E10A00536075 /* SPMessageManager.m in Sources */,
				7553081716B1E10A00536075 /* SPMessageThread.m in Sources */,
				7553081B16B1E10A00536075 /* SPMessageThread+Sorting.m in Sources */,
				7553082316B1E38300536075 /* SPLocationManager.m in Sources */,
				7553082B16B30EF100536075 /* messageStorage.xcdatamodeld in Sources */,
				F0F1586416B4168000E831B7 /* NSImage+MGCropExtensions.m in Sources */,
				F0AC302316BCD9D50031535F /* SPMessageThread+Description.m in Sources */,
			);
			runOnlyForDeploymentPostprocessing = 0;
		};
		755DDE6316AF058E00AA8D29 /* Sources */ = {
			isa = PBXSourcesBuildPhase;
			buildActionMask = 2147483647;
			files = (
				755DDE6F16AF058E00AA8D29 /* SinglePicCommon.m in Sources */,
				753F06FE16B183FF004C3351 /* AFHTTPClient.m in Sources */,
				753F070216B183FF004C3351 /* AFHTTPRequestOperation.m in Sources */,
				753F070616B183FF004C3351 /* AFImageRequestOperation.m in Sources */,
				753F070A16B183FF004C3351 /* AFJSONRequestOperation.m in Sources */,
				753F070E16B183FF004C3351 /* AFNetworkActivityIndicatorManager.m in Sources */,
				753F071416B183FF004C3351 /* AFPropertyListRequestOperation.m in Sources */,
				753F071816B183FF004C3351 /* AFURLConnectionOperation.m in Sources */,
				753F071C16B183FF004C3351 /* AFXMLRequestOperation.m in Sources */,
				753F072016B183FF004C3351 /* UIImageView+AFNetworking.m in Sources */,
				753F074016B198F0004C3351 /* SPRequestManager.m in Sources */,
				753F075116B1996E004C3351 /* SPErrorManager.m in Sources */,
				753F075516B1996E004C3351 /* SPErrorProfile.m in Sources */,
				753F075B16B1996E004C3351 /* SPWebServiceError.m in Sources */,
				753F075F16B1996E004C3351 /* SPWebServiceErrorProfile.m in Sources */,
				753F076916B199E0004C3351 /* SPSettingsManager.m in Sources */,
				753F077216B19AA7004C3351 /* LoggerClient.m in Sources */,
				755307B916B1D2CB00536075 /* SPBucket.m in Sources */,
				755307BD16B1D2CB00536075 /* SPBucketManager.m in Sources */,
				755307C816B1D7E300536075 /* SPProfile.m in Sources */,
				755307D316B1D90000536075 /* SPCaptureHelper.m in Sources */,
				755307D916B1D90D00536075 /* TimeHelper.m in Sources */,
				755307DF16B1D91C00536075 /* SPSoundHelper.m in Sources */,
				755307E516B1DDAC00536075 /* SPProfileManager.m in Sources */,
				755307F116B1DEAA00536075 /* UIImage+Alpha.m in Sources */,
				755307F516B1DEAA00536075 /* UIImage+Resize.m in Sources */,
				755307F916B1DEAA00536075 /* UIImage+RoundedCorner.m in Sources */,
				7553080A16B1E10A00536075 /* SPMessage.m in Sources */,
				7553080E16B1E10A00536075 /* SPMessageAccount.m in Sources */,
				7553081216B1E10A00536075 /* SPMessageManager.m in Sources */,
				7553081816B1E10A00536075 /* SPMessageThread.m in Sources */,
				7553081C16B1E10A00536075 /* SPMessageThread+Sorting.m in Sources */,
				7553082416B1E38300536075 /* SPLocationManager.m in Sources */,
				7553082C16B30EF100536075 /* messageStorage.xcdatamodeld in Sources */,
				F0AC302416BCD9D50031535F /* SPMessageThread+Description.m in Sources */,
			);
			runOnlyForDeploymentPostprocessing = 0;
		};
/* End PBXSourcesBuildPhase section */

/* Begin PBXVariantGroup section */
		755DDDDB16AEF69000AA8D29 /* InfoPlist.strings */ = {
			isa = PBXVariantGroup;
			children = (
				755DDDDC16AEF69000AA8D29 /* en */,
			);
			name = InfoPlist.strings;
			sourceTree = "<group>";
		};
/* End PBXVariantGroup section */

/* Begin XCBuildConfiguration section */
		755DDDE216AEF69000AA8D29 /* Debug */ = {
			isa = XCBuildConfiguration;
			buildSettings = {
				ALWAYS_SEARCH_USER_PATHS = NO;
				ARCHS = (
					"$(ARCHS_STANDARD_64_BIT)",
					armv7s,
				);
				CLANG_CXX_LANGUAGE_STANDARD = "gnu++0x";
				CLANG_CXX_LIBRARY = "libc++";
				CLANG_ENABLE_OBJC_ARC = YES;
				CLANG_WARN_CONSTANT_CONVERSION = YES;
				CLANG_WARN_EMPTY_BODY = YES;
				CLANG_WARN_ENUM_CONVERSION = YES;
				CLANG_WARN_INT_CONVERSION = YES;
				CLANG_WARN__DUPLICATE_METHOD_MATCH = YES;
				COPY_PHASE_STRIP = NO;
				GCC_C_LANGUAGE_STANDARD = gnu99;
				GCC_DYNAMIC_NO_PIC = NO;
				GCC_ENABLE_OBJC_EXCEPTIONS = YES;
				GCC_OPTIMIZATION_LEVEL = 0;
				GCC_PREPROCESSOR_DEFINITIONS = (
					"$(inherited)",
					"DEBUG=1",
					"PRIVATE=1",
					"PRIVATE_DEBUG=1",
				);
				GCC_SYMBOLS_PRIVATE_EXTERN = NO;
				GCC_WARN_64_TO_32_BIT_CONVERSION = YES;
				GCC_WARN_ABOUT_RETURN_TYPE = YES;
				GCC_WARN_UNINITIALIZED_AUTOS = YES;
				GCC_WARN_UNUSED_VARIABLE = YES;
				MACOSX_DEPLOYMENT_TARGET = 10.8;
				ONLY_ACTIVE_ARCH = NO;
				OTHER_LDFLAGS = "-load_all";
				PUBLIC_HEADERS_FOLDER_PATH = ../../Headers/SinglePicCommon;
				SDKROOT = macosx;
			};
			name = Debug;
		};
		755DDDE316AEF69000AA8D29 /* Release */ = {
			isa = XCBuildConfiguration;
			buildSettings = {
				ALWAYS_SEARCH_USER_PATHS = NO;
				ARCHS = (
					"$(ARCHS_STANDARD_64_BIT)",
					armv7s,
				);
				CLANG_CXX_LANGUAGE_STANDARD = "gnu++0x";
				CLANG_CXX_LIBRARY = "libc++";
				CLANG_ENABLE_OBJC_ARC = YES;
				CLANG_WARN_CONSTANT_CONVERSION = YES;
				CLANG_WARN_EMPTY_BODY = YES;
				CLANG_WARN_ENUM_CONVERSION = YES;
				CLANG_WARN_INT_CONVERSION = YES;
				CLANG_WARN__DUPLICATE_METHOD_MATCH = YES;
				COPY_PHASE_STRIP = YES;
				DEBUG_INFORMATION_FORMAT = "dwarf-with-dsym";
				GCC_C_LANGUAGE_STANDARD = gnu99;
				GCC_ENABLE_OBJC_EXCEPTIONS = YES;
				GCC_PREPROCESSOR_DEFINITIONS = (
					"$(inherited)",
					"RELEASE=1",
					"PUBLIC=1",
					"PUBLIC_RELEASE=1",
				);
				GCC_WARN_64_TO_32_BIT_CONVERSION = YES;
				GCC_WARN_ABOUT_RETURN_TYPE = YES;
				GCC_WARN_UNINITIALIZED_AUTOS = YES;
				GCC_WARN_UNUSED_VARIABLE = YES;
				MACOSX_DEPLOYMENT_TARGET = 10.8;
				ONLY_ACTIVE_ARCH = NO;
				OTHER_LDFLAGS = "-load_all";
				PUBLIC_HEADERS_FOLDER_PATH = ../../Headers/SinglePicCommon;
				SDKROOT = macosx;
			};
			name = Release;
		};
		755DDDE516AEF69000AA8D29 /* Debug */ = {
			isa = XCBuildConfiguration;
			buildSettings = {
				COMBINE_HIDPI_IMAGES = YES;
				DSTROOT = /tmp/SinglePicCommon.dst;
				DYLIB_COMPATIBILITY_VERSION = 1;
				DYLIB_CURRENT_VERSION = 1;
				FRAMEWORK_SEARCH_PATHS = (
					"$(inherited)",
					"\"$(SRCROOT)/SinglePicCommon\"",
				);
				FRAMEWORK_VERSION = A;
				GCC_PRECOMPILE_PREFIX_HEADER = YES;
				GCC_PREFIX_HEADER = "SinglePicCommon/SinglePicCommon-Prefix.pch";
				INFOPLIST_FILE = "SinglePicCommon/SinglePicCommon-Info.plist";
				LIBRARY_SEARCH_PATHS = (
					"$(inherited)",
					"\"$(SRCROOT)/SinglePicCommon/TestFlight\"",
				);
				OTHER_LDFLAGS = "-ObjC";
				PRODUCT_NAME = SinglePicCommon;
				WRAPPER_EXTENSION = framework;
			};
			name = Debug;
		};
		755DDDE616AEF69000AA8D29 /* Release */ = {
			isa = XCBuildConfiguration;
			buildSettings = {
				COMBINE_HIDPI_IMAGES = YES;
				DSTROOT = /tmp/SinglePicCommon.dst;
				DYLIB_COMPATIBILITY_VERSION = 1;
				DYLIB_CURRENT_VERSION = 1;
				FRAMEWORK_SEARCH_PATHS = (
					"$(inherited)",
					"\"$(SRCROOT)/SinglePicCommon\"",
				);
				FRAMEWORK_VERSION = A;
				GCC_PRECOMPILE_PREFIX_HEADER = YES;
				GCC_PREFIX_HEADER = "SinglePicCommon/SinglePicCommon-Prefix.pch";
				INFOPLIST_FILE = "SinglePicCommon/SinglePicCommon-Info.plist";
				LIBRARY_SEARCH_PATHS = (
					"$(inherited)",
					"\"$(SRCROOT)/SinglePicCommon/TestFlight\"",
				);
				OTHER_LDFLAGS = "-ObjC";
				PRODUCT_NAME = SinglePicCommon;
				WRAPPER_EXTENSION = framework;
			};
			name = Release;
		};
		755DDE7116AF058E00AA8D29 /* Debug */ = {
			isa = XCBuildConfiguration;
			buildSettings = {
				ARCHS = "$(ARCHS_STANDARD_32_BIT)";
				DSTROOT = /tmp/SinglePicCommon.dst;
				FRAMEWORK_SEARCH_PATHS = (
					"$(inherited)",
					"\"$(SRCROOT)/SinglePicCommon\"",
				);
				GCC_PRECOMPILE_PREFIX_HEADER = YES;
				GCC_PREFIX_HEADER = "SinglePicCommon/SinglePicCommon-Prefix.pch";
				IPHONEOS_DEPLOYMENT_TARGET = 6.1;
				LIBRARY_SEARCH_PATHS = (
					"$(inherited)",
					"\"$(SRCROOT)/SinglePicCommon/TestFlight\"",
				);
				OTHER_LDFLAGS = "-ObjC";
				PRODUCT_NAME = "$(TARGET_NAME)";
				SDKROOT = iphoneos;
				SKIP_INSTALL = YES;
			};
			name = Debug;
		};
		755DDE7216AF058E00AA8D29 /* Release */ = {
			isa = XCBuildConfiguration;
			buildSettings = {
				ARCHS = "$(ARCHS_STANDARD_32_BIT)";
				DSTROOT = /tmp/SinglePicCommon.dst;
				FRAMEWORK_SEARCH_PATHS = (
					"$(inherited)",
					"\"$(SRCROOT)/SinglePicCommon\"",
				);
				GCC_PRECOMPILE_PREFIX_HEADER = YES;
				GCC_PREFIX_HEADER = "SinglePicCommon/SinglePicCommon-Prefix.pch";
				IPHONEOS_DEPLOYMENT_TARGET = 6.1;
				LIBRARY_SEARCH_PATHS = (
					"$(inherited)",
					"\"$(SRCROOT)/SinglePicCommon/TestFlight\"",
				);
				OTHER_LDFLAGS = "-ObjC";
				PRODUCT_NAME = "$(TARGET_NAME)";
				SDKROOT = iphoneos;
				SKIP_INSTALL = YES;
				VALIDATE_PRODUCT = YES;
			};
			name = Release;
		};
		75C5A04A16B1B52600CBAE31 /* Internal Beta */ = {
			isa = XCBuildConfiguration;
			buildSettings = {
				ALWAYS_SEARCH_USER_PATHS = NO;
				ARCHS = (
					"$(ARCHS_STANDARD_64_BIT)",
					armv7s,
				);
				CLANG_CXX_LANGUAGE_STANDARD = "gnu++0x";
				CLANG_CXX_LIBRARY = "libc++";
				CLANG_ENABLE_OBJC_ARC = YES;
				CLANG_WARN_CONSTANT_CONVERSION = YES;
				CLANG_WARN_EMPTY_BODY = YES;
				CLANG_WARN_ENUM_CONVERSION = YES;
				CLANG_WARN_INT_CONVERSION = YES;
				CLANG_WARN__DUPLICATE_METHOD_MATCH = YES;
				COPY_PHASE_STRIP = NO;
				GCC_C_LANGUAGE_STANDARD = gnu99;
				GCC_DYNAMIC_NO_PIC = NO;
				GCC_ENABLE_OBJC_EXCEPTIONS = YES;
				GCC_OPTIMIZATION_LEVEL = 0;
				GCC_PREPROCESSOR_DEFINITIONS = (
					"$(inherited)",
					"BETA=1",
					"PRIVATE=1",
					"PRIVATE_BETA=1",
				);
				GCC_SYMBOLS_PRIVATE_EXTERN = NO;
				GCC_WARN_64_TO_32_BIT_CONVERSION = YES;
				GCC_WARN_ABOUT_RETURN_TYPE = YES;
				GCC_WARN_UNINITIALIZED_AUTOS = YES;
				GCC_WARN_UNUSED_VARIABLE = YES;
				MACOSX_DEPLOYMENT_TARGET = 10.8;
				ONLY_ACTIVE_ARCH = NO;
				OTHER_LDFLAGS = "-load_all";
				PUBLIC_HEADERS_FOLDER_PATH = ../../Headers/SinglePicCommon;
				SDKROOT = macosx;
			};
			name = "Internal Beta";
		};
		75C5A04B16B1B52600CBAE31 /* Internal Beta */ = {
			isa = XCBuildConfiguration;
			buildSettings = {
				COMBINE_HIDPI_IMAGES = YES;
				DSTROOT = /tmp/SinglePicCommon.dst;
				DYLIB_COMPATIBILITY_VERSION = 1;
				DYLIB_CURRENT_VERSION = 1;
				FRAMEWORK_SEARCH_PATHS = (
					"$(inherited)",
					"\"$(SRCROOT)/SinglePicCommon\"",
				);
				FRAMEWORK_VERSION = A;
				GCC_PRECOMPILE_PREFIX_HEADER = YES;
				GCC_PREFIX_HEADER = "SinglePicCommon/SinglePicCommon-Prefix.pch";
				INFOPLIST_FILE = "SinglePicCommon/SinglePicCommon-Info.plist";
				LIBRARY_SEARCH_PATHS = (
					"$(inherited)",
					"\"$(SRCROOT)/SinglePicCommon/TestFlight\"",
				);
				OTHER_LDFLAGS = "-ObjC";
				PRODUCT_NAME = SinglePicCommon;
				WRAPPER_EXTENSION = framework;
			};
			name = "Internal Beta";
		};
		75C5A04C16B1B52600CBAE31 /* Internal Beta */ = {
			isa = XCBuildConfiguration;
			buildSettings = {
				ARCHS = "$(ARCHS_STANDARD_32_BIT)";
				DSTROOT = /tmp/SinglePicCommon.dst;
				FRAMEWORK_SEARCH_PATHS = (
					"$(inherited)",
					"\"$(SRCROOT)/SinglePicCommon\"",
				);
				GCC_PRECOMPILE_PREFIX_HEADER = YES;
				GCC_PREFIX_HEADER = "SinglePicCommon/SinglePicCommon-Prefix.pch";
				IPHONEOS_DEPLOYMENT_TARGET = 6.1;
				LIBRARY_SEARCH_PATHS = (
					"$(inherited)",
					"\"$(SRCROOT)/SinglePicCommon/TestFlight\"",
				);
				OTHER_LDFLAGS = "-ObjC";
				PRODUCT_NAME = "$(TARGET_NAME)";
				SDKROOT = iphoneos;
				SKIP_INSTALL = YES;
			};
			name = "Internal Beta";
		};
		75C5A04D16B1B61300CBAE31 /* Public Beta */ = {
			isa = XCBuildConfiguration;
			buildSettings = {
				ALWAYS_SEARCH_USER_PATHS = NO;
				ARCHS = (
					"$(ARCHS_STANDARD_64_BIT)",
					armv7s,
				);
				CLANG_CXX_LANGUAGE_STANDARD = "gnu++0x";
				CLANG_CXX_LIBRARY = "libc++";
				CLANG_ENABLE_OBJC_ARC = YES;
				CLANG_WARN_CONSTANT_CONVERSION = YES;
				CLANG_WARN_EMPTY_BODY = YES;
				CLANG_WARN_ENUM_CONVERSION = YES;
				CLANG_WARN_INT_CONVERSION = YES;
				CLANG_WARN__DUPLICATE_METHOD_MATCH = YES;
				COPY_PHASE_STRIP = YES;
				DEBUG_INFORMATION_FORMAT = "dwarf-with-dsym";
				GCC_C_LANGUAGE_STANDARD = gnu99;
				GCC_ENABLE_OBJC_EXCEPTIONS = YES;
				GCC_PREPROCESSOR_DEFINITIONS = (
					"$(inherited)",
					"BETA=1",
					"PUBLIC=1",
					"PUBLIC_BETA=1",
				);
				GCC_WARN_64_TO_32_BIT_CONVERSION = YES;
				GCC_WARN_ABOUT_RETURN_TYPE = YES;
				GCC_WARN_UNINITIALIZED_AUTOS = YES;
				GCC_WARN_UNUSED_VARIABLE = YES;
				MACOSX_DEPLOYMENT_TARGET = 10.8;
				ONLY_ACTIVE_ARCH = NO;
				OTHER_LDFLAGS = "-load_all";
				PUBLIC_HEADERS_FOLDER_PATH = ../../Headers/SinglePicCommon;
				SDKROOT = macosx;
			};
			name = "Public Beta";
		};
		75C5A04E16B1B61300CBAE31 /* Public Beta */ = {
			isa = XCBuildConfiguration;
			buildSettings = {
				COMBINE_HIDPI_IMAGES = YES;
				DSTROOT = /tmp/SinglePicCommon.dst;
				DYLIB_COMPATIBILITY_VERSION = 1;
				DYLIB_CURRENT_VERSION = 1;
				FRAMEWORK_SEARCH_PATHS = (
					"$(inherited)",
					"\"$(SRCROOT)/SinglePicCommon\"",
				);
				FRAMEWORK_VERSION = A;
				GCC_PRECOMPILE_PREFIX_HEADER = YES;
				GCC_PREFIX_HEADER = "SinglePicCommon/SinglePicCommon-Prefix.pch";
				INFOPLIST_FILE = "SinglePicCommon/SinglePicCommon-Info.plist";
				LIBRARY_SEARCH_PATHS = (
					"$(inherited)",
					"\"$(SRCROOT)/SinglePicCommon/TestFlight\"",
				);
				OTHER_LDFLAGS = "-ObjC";
				PRODUCT_NAME = SinglePicCommon;
				WRAPPER_EXTENSION = framework;
			};
			name = "Public Beta";
		};
		75C5A04F16B1B61300CBAE31 /* Public Beta */ = {
			isa = XCBuildConfiguration;
			buildSettings = {
				ARCHS = "$(ARCHS_STANDARD_32_BIT)";
				DSTROOT = /tmp/SinglePicCommon.dst;
				FRAMEWORK_SEARCH_PATHS = (
					"$(inherited)",
					"\"$(SRCROOT)/SinglePicCommon\"",
				);
				GCC_PRECOMPILE_PREFIX_HEADER = YES;
				GCC_PREFIX_HEADER = "SinglePicCommon/SinglePicCommon-Prefix.pch";
				IPHONEOS_DEPLOYMENT_TARGET = 6.1;
				LIBRARY_SEARCH_PATHS = (
					"$(inherited)",
					"\"$(SRCROOT)/SinglePicCommon/TestFlight\"",
				);
				OTHER_LDFLAGS = "-ObjC";
				PRODUCT_NAME = "$(TARGET_NAME)";
				SDKROOT = iphoneos;
				SKIP_INSTALL = YES;
				VALIDATE_PRODUCT = YES;
			};
			name = "Public Beta";
		};
/* End XCBuildConfiguration section */

/* Begin XCConfigurationList section */
		755DDDC916AEF68F00AA8D29 /* Build configuration list for PBXProject "SinglePicCommon" */ = {
			isa = XCConfigurationList;
			buildConfigurations = (
				755DDDE216AEF69000AA8D29 /* Debug */,
				75C5A04A16B1B52600CBAE31 /* Internal Beta */,
				755DDDE316AEF69000AA8D29 /* Release */,
				75C5A04D16B1B61300CBAE31 /* Public Beta */,
			);
			defaultConfigurationIsVisible = 0;
			defaultConfigurationName = Release;
		};
		755DDDE416AEF69000AA8D29 /* Build configuration list for PBXNativeTarget "SinglePicCommon.framework" */ = {
			isa = XCConfigurationList;
			buildConfigurations = (
				755DDDE516AEF69000AA8D29 /* Debug */,
				75C5A04B16B1B52600CBAE31 /* Internal Beta */,
				755DDDE616AEF69000AA8D29 /* Release */,
				75C5A04E16B1B61300CBAE31 /* Public Beta */,
			);
			defaultConfigurationIsVisible = 0;
			defaultConfigurationName = Release;
		};
		755DDE7016AF058E00AA8D29 /* Build configuration list for PBXNativeTarget "SinglePicCommon" */ = {
			isa = XCConfigurationList;
			buildConfigurations = (
				755DDE7116AF058E00AA8D29 /* Debug */,
				75C5A04C16B1B52600CBAE31 /* Internal Beta */,
				755DDE7216AF058E00AA8D29 /* Release */,
				75C5A04F16B1B61300CBAE31 /* Public Beta */,
			);
			defaultConfigurationIsVisible = 0;
			defaultConfigurationName = Release;
		};
/* End XCConfigurationList section */

/* Begin XCVersionGroup section */
		7553082916B30EF100536075 /* messageStorage.xcdatamodeld */ = {
			isa = XCVersionGroup;
			children = (
				7553082A16B30EF100536075 /* messageStorage 2.xcdatamodel */,
			);
			currentVersion = 7553082A16B30EF100536075 /* messageStorage 2.xcdatamodel */;
			path = messageStorage.xcdatamodeld;
			sourceTree = "<group>";
			versionGroupType = wrapper.xcdatamodel;
		};
/* End XCVersionGroup section */
	};
	rootObject = 755DDDC616AEF68F00AA8D29 /* Project object */;
}
