// !$*UTF8*$!
{
	archiveVersion = 1;
	classes = {
	};
	objectVersion = 46;
	objects = {

/* Begin PBXBuildFile section */
		750C128416BC57440089C621 /* MKAnnotationView.m in Sources */ = {isa = PBXBuildFile; fileRef = 750C123116BC57440089C621 /* MKAnnotationView.m */; settings = {COMPILER_FLAGS = "-fno-objc-arc"; }; };
		750C128516BC57440089C621 /* MKCircle.m in Sources */ = {isa = PBXBuildFile; fileRef = 750C123316BC57440089C621 /* MKCircle.m */; settings = {COMPILER_FLAGS = "-fno-objc-arc"; }; };
		750C128616BC57440089C621 /* MKCircleView.m in Sources */ = {isa = PBXBuildFile; fileRef = 750C123516BC57440089C621 /* MKCircleView.m */; settings = {COMPILER_FLAGS = "-fno-objc-arc"; }; };
		750C128716BC57440089C621 /* MKGeocoder.m in Sources */ = {isa = PBXBuildFile; fileRef = 750C123716BC57440089C621 /* MKGeocoder.m */; settings = {COMPILER_FLAGS = "-fno-objc-arc"; }; };
		750C128816BC57440089C621 /* MKMapView+Additions.m in Sources */ = {isa = PBXBuildFile; fileRef = 750C123A16BC57440089C621 /* MKMapView+Additions.m */; settings = {COMPILER_FLAGS = "-fno-objc-arc"; }; };
		750C128916BC57440089C621 /* MKMapView+DelegateWrappers.m in Sources */ = {isa = PBXBuildFile; fileRef = 750C123C16BC57440089C621 /* MKMapView+DelegateWrappers.m */; settings = {COMPILER_FLAGS = "-fno-objc-arc"; }; };
		750C128A16BC57440089C621 /* MKMapView+Private.m in Sources */ = {isa = PBXBuildFile; fileRef = 750C123E16BC57440089C621 /* MKMapView+Private.m */; settings = {COMPILER_FLAGS = "-fno-objc-arc"; }; };
		750C128B16BC57440089C621 /* MKMapView+WebViewIntegration.m in Sources */ = {isa = PBXBuildFile; fileRef = 750C124016BC57440089C621 /* MKMapView+WebViewIntegration.m */; settings = {COMPILER_FLAGS = "-fno-objc-arc"; }; };
		750C128C16BC57440089C621 /* MKMapView.m in Sources */ = {isa = PBXBuildFile; fileRef = 750C124216BC57440089C621 /* MKMapView.m */; settings = {COMPILER_FLAGS = "-fno-objc-arc"; }; };
		750C128D16BC57440089C621 /* MKMultiPoint.m in Sources */ = {isa = PBXBuildFile; fileRef = 750C124416BC57440089C621 /* MKMultiPoint.m */; settings = {COMPILER_FLAGS = "-fno-objc-arc"; }; };
		750C128E16BC57440089C621 /* MKOverlayPathView.m in Sources */ = {isa = PBXBuildFile; fileRef = 750C124716BC57440089C621 /* MKOverlayPathView.m */; settings = {COMPILER_FLAGS = "-fno-objc-arc"; }; };
		750C128F16BC57440089C621 /* MKOverlayView.m in Sources */ = {isa = PBXBuildFile; fileRef = 750C124916BC57440089C621 /* MKOverlayView.m */; settings = {COMPILER_FLAGS = "-fno-objc-arc"; }; };
		750C129016BC57440089C621 /* MKPinAnnotationView.m in Sources */ = {isa = PBXBuildFile; fileRef = 750C124B16BC57440089C621 /* MKPinAnnotationView.m */; settings = {COMPILER_FLAGS = "-fno-objc-arc"; }; };
		750C129116BC57440089C621 /* MKPlacemark+Private.m in Sources */ = {isa = PBXBuildFile; fileRef = 750C124D16BC57440089C621 /* MKPlacemark+Private.m */; settings = {COMPILER_FLAGS = "-fno-objc-arc"; }; };
		750C129216BC57440089C621 /* MKPlacemark.m in Sources */ = {isa = PBXBuildFile; fileRef = 750C124F16BC57440089C621 /* MKPlacemark.m */; settings = {COMPILER_FLAGS = "-fno-objc-arc"; }; };
		750C129316BC57440089C621 /* MKPointAnnotation.m in Sources */ = {isa = PBXBuildFile; fileRef = 750C125116BC57440089C621 /* MKPointAnnotation.m */; settings = {COMPILER_FLAGS = "-fno-objc-arc"; }; };
		750C129416BC57440089C621 /* MKPolygon.m in Sources */ = {isa = PBXBuildFile; fileRef = 750C125316BC57440089C621 /* MKPolygon.m */; settings = {COMPILER_FLAGS = "-fno-objc-arc"; }; };
		750C129516BC57440089C621 /* MKPolygonView.m in Sources */ = {isa = PBXBuildFile; fileRef = 750C125516BC57440089C621 /* MKPolygonView.m */; settings = {COMPILER_FLAGS = "-fno-objc-arc"; }; };
		750C129616BC57440089C621 /* MKPolyline.m in Sources */ = {isa = PBXBuildFile; fileRef = 750C125716BC57440089C621 /* MKPolyline.m */; settings = {COMPILER_FLAGS = "-fno-objc-arc"; }; };
		750C129716BC57440089C621 /* MKPolylineView.m in Sources */ = {isa = PBXBuildFile; fileRef = 750C125916BC57440089C621 /* MKPolylineView.m */; settings = {COMPILER_FLAGS = "-fno-objc-arc"; }; };
		750C129816BC57440089C621 /* MKReverseGeocoder.m in Sources */ = {isa = PBXBuildFile; fileRef = 750C125B16BC57440089C621 /* MKReverseGeocoder.m */; settings = {COMPILER_FLAGS = "-fno-objc-arc"; }; };
		750C129916BC57440089C621 /* MKShape.m in Sources */ = {isa = PBXBuildFile; fileRef = 750C125D16BC57440089C621 /* MKShape.m */; settings = {COMPILER_FLAGS = "-fno-objc-arc"; }; };
		750C129A16BC57440089C621 /* MKUserLocation+Private.m in Sources */ = {isa = PBXBuildFile; fileRef = 750C126016BC57440089C621 /* MKUserLocation+Private.m */; settings = {COMPILER_FLAGS = "-fno-objc-arc"; }; };
		750C129B16BC57440089C621 /* MKUserLocation.m in Sources */ = {isa = PBXBuildFile; fileRef = 750C126216BC57440089C621 /* MKUserLocation.m */; settings = {COMPILER_FLAGS = "-fno-objc-arc"; }; };
		750C129C16BC57440089C621 /* MKView.m in Sources */ = {isa = PBXBuildFile; fileRef = 750C126416BC57440089C621 /* MKView.m */; settings = {COMPILER_FLAGS = "-fno-objc-arc"; }; };
		750C129D16BC57440089C621 /* MKWebView.m in Sources */ = {isa = PBXBuildFile; fileRef = 750C126616BC57440089C621 /* MKWebView.m */; settings = {COMPILER_FLAGS = "-fno-objc-arc"; }; };
		750C129E16BC57440089C621 /* NSColor+Additions.m in Sources */ = {isa = PBXBuildFile; fileRef = 750C126816BC57440089C621 /* NSColor+Additions.m */; settings = {COMPILER_FLAGS = "-fno-objc-arc"; }; };
		750C129F16BC57440089C621 /* NSObject+SBJSON.m in Sources */ = {isa = PBXBuildFile; fileRef = 750C126D16BC57440089C621 /* NSObject+SBJSON.m */; settings = {COMPILER_FLAGS = "-fno-objc-arc"; }; };
		750C12A016BC57440089C621 /* NSString+SBJSON.m in Sources */ = {isa = PBXBuildFile; fileRef = 750C126F16BC57440089C621 /* NSString+SBJSON.m */; settings = {COMPILER_FLAGS = "-fno-objc-arc"; }; };
		750C12A116BC57440089C621 /* SBJSON.m in Sources */ = {isa = PBXBuildFile; fileRef = 750C127116BC57440089C621 /* SBJSON.m */; settings = {COMPILER_FLAGS = "-fno-objc-arc"; }; };
		750C12A216BC57440089C621 /* SBJsonBase.m in Sources */ = {isa = PBXBuildFile; fileRef = 750C127316BC57440089C621 /* SBJsonBase.m */; settings = {COMPILER_FLAGS = "-fno-objc-arc"; }; };
		750C12A316BC57440089C621 /* SBJsonParser.m in Sources */ = {isa = PBXBuildFile; fileRef = 750C127516BC57440089C621 /* SBJsonParser.m */; settings = {COMPILER_FLAGS = "-fno-objc-arc"; }; };
		750C12A416BC57440089C621 /* SBJsonWriter.m in Sources */ = {isa = PBXBuildFile; fileRef = 750C127716BC57440089C621 /* SBJsonWriter.m */; settings = {COMPILER_FLAGS = "-fno-objc-arc"; }; };
		750C12A516BC57440089C621 /* Animations.css in Resources */ = {isa = PBXBuildFile; fileRef = 750C127916BC57440089C621 /* Animations.css */; };
		750C12A616BC57440089C621 /* License.rtf in Resources */ = {isa = PBXBuildFile; fileRef = 750C127A16BC57440089C621 /* License.rtf */; };
		750C12A816BC57440089C621 /* MapKit.html in Resources */ = {isa = PBXBuildFile; fileRef = 750C127C16BC57440089C621 /* MapKit.html */; };
		750C12A916BC57440089C621 /* MarkerTest.png in Resources */ = {isa = PBXBuildFile; fileRef = 750C127D16BC57440089C621 /* MarkerTest.png */; };
		750C12AA16BC57440089C621 /* MKPinAnnotationColorGreen.png in Resources */ = {isa = PBXBuildFile; fileRef = 750C127E16BC57440089C621 /* MKPinAnnotationColorGreen.png */; };
		750C12AB16BC57440089C621 /* MKPinAnnotationColorPurple.png in Resources */ = {isa = PBXBuildFile; fileRef = 750C127F16BC57440089C621 /* MKPinAnnotationColorPurple.png */; };
		750C12AC16BC57440089C621 /* MKPinAnnotationColorRed.png in Resources */ = {isa = PBXBuildFile; fileRef = 750C128016BC57440089C621 /* MKPinAnnotationColorRed.png */; };
		750C12AE16BC57440089C621 /* Stylesheet.css in Resources */ = {isa = PBXBuildFile; fileRef = 750C128216BC57440089C621 /* Stylesheet.css */; };
		750C12AF16BC57440089C621 /* TransparentPixel.png in Resources */ = {isa = PBXBuildFile; fileRef = 750C128316BC57440089C621 /* TransparentPixel.png */; };
		750C12B116BC5DDB0089C621 /* CoreLocation.framework in Frameworks */ = {isa = PBXBuildFile; fileRef = 750C12B016BC5DD90089C621 /* CoreLocation.framework */; };
		750C12B616BC68580089C621 /* SPABucketAnnotation.m in Sources */ = {isa = PBXBuildFile; fileRef = 750C12B516BC68580089C621 /* SPABucketAnnotation.m */; };
		755DDE0C16AEF9B600AA8D29 /* Cocoa.framework in Frameworks */ = {isa = PBXBuildFile; fileRef = 755DDE0B16AEF9B600AA8D29 /* Cocoa.framework */; };
		755DDE1616AEF9B600AA8D29 /* InfoPlist.strings in Resources */ = {isa = PBXBuildFile; fileRef = 755DDE1416AEF9B600AA8D29 /* InfoPlist.strings */; };
		755DDE1816AEF9B600AA8D29 /* main.m in Sources */ = {isa = PBXBuildFile; fileRef = 755DDE1716AEF9B600AA8D29 /* main.m */; };
		755DDE1C16AEF9B600AA8D29 /* Credits.rtf in Resources */ = {isa = PBXBuildFile; fileRef = 755DDE1A16AEF9B600AA8D29 /* Credits.rtf */; };
		755DDE1F16AEF9B600AA8D29 /* SPAAppDelegate.m in Sources */ = {isa = PBXBuildFile; fileRef = 755DDE1E16AEF9B600AA8D29 /* SPAAppDelegate.m */; };
		755DDE2216AEF9B600AA8D29 /* MainMenu.xib in Resources */ = {isa = PBXBuildFile; fileRef = 755DDE2016AEF9B600AA8D29 /* MainMenu.xib */; };
		755DDE5216AF047200AA8D29 /* SinglePicCommon.framework in Frameworks */ = {isa = PBXBuildFile; fileRef = 755DDE2816AEF9E800AA8D29 /* SinglePicCommon.framework */; };
		75BA3B1F16B3157C00CE1710 /* messageStorage.xcdatamodeld in Sources */ = {isa = PBXBuildFile; fileRef = 75BA3B1D16B3157C00CE1710 /* messageStorage.xcdatamodeld */; };
		F05EFA4A16B2C1E300AB0929 /* appicon114.png in Resources */ = {isa = PBXBuildFile; fileRef = F05EFA4916B2C1E300AB0929 /* appicon114.png */; };
		F0AC302616BD5A3B0031535F /* WebKit.framework in Frameworks */ = {isa = PBXBuildFile; fileRef = F0AC302516BD5A3B0031535F /* WebKit.framework */; };
		F0F1585C16B4055E00E831B7 /* Orientation-MsM-default.png in Resources */ = {isa = PBXBuildFile; fileRef = F0F1585816B4055E00E831B7 /* Orientation-MsM-default.png */; };
		F0F1585D16B4055E00E831B7 /* Orientation-FsF-default.png in Resources */ = {isa = PBXBuildFile; fileRef = F0F1585916B4055E00E831B7 /* Orientation-FsF-default.png */; };
		F0F1585E16B4055E00E831B7 /* Orientation-MsF-default.png in Resources */ = {isa = PBXBuildFile; fileRef = F0F1585A16B4055E00E831B7 /* Orientation-MsF-default.png */; };
		F0F1585F16B4055E00E831B7 /* Orientation-FsM-default.png in Resources */ = {isa = PBXBuildFile; fileRef = F0F1585B16B4055E00E831B7 /* Orientation-FsM-default.png */; };
		F0F1586A16B6B7BC00E831B7 /* SPErrorNotifier.m in Sources */ = {isa = PBXBuildFile; fileRef = F0F1586916B6B7BC00E831B7 /* SPErrorNotifier.m */; };
/* End PBXBuildFile section */

/* Begin PBXFileReference section */
		750C122E16BC57440089C621 /* MapKit.h */ = {isa = PBXFileReference; fileEncoding = 4; lastKnownFileType = sourcecode.c.h; path = MapKit.h; sourceTree = "<group>"; };
		750C122F16BC57440089C621 /* MKAnnotation.h */ = {isa = PBXFileReference; fileEncoding = 4; lastKnownFileType = sourcecode.c.h; path = MKAnnotation.h; sourceTree = "<group>"; };
		750C123016BC57440089C621 /* MKAnnotationView.h */ = {isa = PBXFileReference; fileEncoding = 4; lastKnownFileType = sourcecode.c.h; path = MKAnnotationView.h; sourceTree = "<group>"; };
		750C123116BC57440089C621 /* MKAnnotationView.m */ = {isa = PBXFileReference; fileEncoding = 4; lastKnownFileType = sourcecode.c.objc; path = MKAnnotationView.m; sourceTree = "<group>"; };
		750C123216BC57440089C621 /* MKCircle.h */ = {isa = PBXFileReference; fileEncoding = 4; lastKnownFileType = sourcecode.c.h; path = MKCircle.h; sourceTree = "<group>"; };
		750C123316BC57440089C621 /* MKCircle.m */ = {isa = PBXFileReference; fileEncoding = 4; lastKnownFileType = sourcecode.c.objc; path = MKCircle.m; sourceTree = "<group>"; };
		750C123416BC57440089C621 /* MKCircleView.h */ = {isa = PBXFileReference; fileEncoding = 4; lastKnownFileType = sourcecode.c.h; path = MKCircleView.h; sourceTree = "<group>"; };
		750C123516BC57440089C621 /* MKCircleView.m */ = {isa = PBXFileReference; fileEncoding = 4; lastKnownFileType = sourcecode.c.objc; path = MKCircleView.m; sourceTree = "<group>"; };
		750C123616BC57440089C621 /* MKGeocoder.h */ = {isa = PBXFileReference; fileEncoding = 4; lastKnownFileType = sourcecode.c.h; path = MKGeocoder.h; sourceTree = "<group>"; };
		750C123716BC57440089C621 /* MKGeocoder.m */ = {isa = PBXFileReference; fileEncoding = 4; lastKnownFileType = sourcecode.c.objc; path = MKGeocoder.m; sourceTree = "<group>"; };
		750C123816BC57440089C621 /* MKGeometry.h */ = {isa = PBXFileReference; fileEncoding = 4; lastKnownFileType = sourcecode.c.h; path = MKGeometry.h; sourceTree = "<group>"; };
		750C123916BC57440089C621 /* MKMapView+Additions.h */ = {isa = PBXFileReference; fileEncoding = 4; lastKnownFileType = sourcecode.c.h; path = "MKMapView+Additions.h"; sourceTree = "<group>"; };
		750C123A16BC57440089C621 /* MKMapView+Additions.m */ = {isa = PBXFileReference; fileEncoding = 4; lastKnownFileType = sourcecode.c.objc; path = "MKMapView+Additions.m"; sourceTree = "<group>"; };
		750C123B16BC57440089C621 /* MKMapView+DelegateWrappers.h */ = {isa = PBXFileReference; fileEncoding = 4; lastKnownFileType = sourcecode.c.h; path = "MKMapView+DelegateWrappers.h"; sourceTree = "<group>"; };
		750C123C16BC57440089C621 /* MKMapView+DelegateWrappers.m */ = {isa = PBXFileReference; fileEncoding = 4; lastKnownFileType = sourcecode.c.objc; path = "MKMapView+DelegateWrappers.m"; sourceTree = "<group>"; };
		750C123D16BC57440089C621 /* MKMapView+Private.h */ = {isa = PBXFileReference; fileEncoding = 4; lastKnownFileType = sourcecode.c.h; path = "MKMapView+Private.h"; sourceTree = "<group>"; };
		750C123E16BC57440089C621 /* MKMapView+Private.m */ = {isa = PBXFileReference; fileEncoding = 4; lastKnownFileType = sourcecode.c.objc; path = "MKMapView+Private.m"; sourceTree = "<group>"; };
		750C123F16BC57440089C621 /* MKMapView+WebViewIntegration.h */ = {isa = PBXFileReference; fileEncoding = 4; lastKnownFileType = sourcecode.c.h; path = "MKMapView+WebViewIntegration.h"; sourceTree = "<group>"; };
		750C124016BC57440089C621 /* MKMapView+WebViewIntegration.m */ = {isa = PBXFileReference; fileEncoding = 4; lastKnownFileType = sourcecode.c.objc; path = "MKMapView+WebViewIntegration.m"; sourceTree = "<group>"; };
		750C124116BC57440089C621 /* MKMapView.h */ = {isa = PBXFileReference; fileEncoding = 4; lastKnownFileType = sourcecode.c.h; path = MKMapView.h; sourceTree = "<group>"; };
		750C124216BC57440089C621 /* MKMapView.m */ = {isa = PBXFileReference; fileEncoding = 4; lastKnownFileType = sourcecode.c.objc; path = MKMapView.m; sourceTree = "<group>"; };
		750C124316BC57440089C621 /* MKMultiPoint.h */ = {isa = PBXFileReference; fileEncoding = 4; lastKnownFileType = sourcecode.c.h; path = MKMultiPoint.h; sourceTree = "<group>"; };
		750C124416BC57440089C621 /* MKMultiPoint.m */ = {isa = PBXFileReference; fileEncoding = 4; lastKnownFileType = sourcecode.c.objc; path = MKMultiPoint.m; sourceTree = "<group>"; };
		750C124516BC57440089C621 /* MKOverlay.h */ = {isa = PBXFileReference; fileEncoding = 4; lastKnownFileType = sourcecode.c.h; path = MKOverlay.h; sourceTree = "<group>"; };
		750C124616BC57440089C621 /* MKOverlayPathView.h */ = {isa = PBXFileReference; fileEncoding = 4; lastKnownFileType = sourcecode.c.h; path = MKOverlayPathView.h; sourceTree = "<group>"; };
		750C124716BC57440089C621 /* MKOverlayPathView.m */ = {isa = PBXFileReference; fileEncoding = 4; lastKnownFileType = sourcecode.c.objc; path = MKOverlayPathView.m; sourceTree = "<group>"; };
		750C124816BC57440089C621 /* MKOverlayView.h */ = {isa = PBXFileReference; fileEncoding = 4; lastKnownFileType = sourcecode.c.h; path = MKOverlayView.h; sourceTree = "<group>"; };
		750C124916BC57440089C621 /* MKOverlayView.m */ = {isa = PBXFileReference; fileEncoding = 4; lastKnownFileType = sourcecode.c.objc; path = MKOverlayView.m; sourceTree = "<group>"; };
		750C124A16BC57440089C621 /* MKPinAnnotationView.h */ = {isa = PBXFileReference; fileEncoding = 4; lastKnownFileType = sourcecode.c.h; path = MKPinAnnotationView.h; sourceTree = "<group>"; };
		750C124B16BC57440089C621 /* MKPinAnnotationView.m */ = {isa = PBXFileReference; fileEncoding = 4; lastKnownFileType = sourcecode.c.objc; path = MKPinAnnotationView.m; sourceTree = "<group>"; };
		750C124C16BC57440089C621 /* MKPlacemark+Private.h */ = {isa = PBXFileReference; fileEncoding = 4; lastKnownFileType = sourcecode.c.h; path = "MKPlacemark+Private.h"; sourceTree = "<group>"; };
		750C124D16BC57440089C621 /* MKPlacemark+Private.m */ = {isa = PBXFileReference; fileEncoding = 4; lastKnownFileType = sourcecode.c.objc; path = "MKPlacemark+Private.m"; sourceTree = "<group>"; };
		750C124E16BC57440089C621 /* MKPlacemark.h */ = {isa = PBXFileReference; fileEncoding = 4; lastKnownFileType = sourcecode.c.h; path = MKPlacemark.h; sourceTree = "<group>"; };
		750C124F16BC57440089C621 /* MKPlacemark.m */ = {isa = PBXFileReference; fileEncoding = 4; lastKnownFileType = sourcecode.c.objc; path = MKPlacemark.m; sourceTree = "<group>"; };
		750C125016BC57440089C621 /* MKPointAnnotation.h */ = {isa = PBXFileReference; fileEncoding = 4; lastKnownFileType = sourcecode.c.h; path = MKPointAnnotation.h; sourceTree = "<group>"; };
		750C125116BC57440089C621 /* MKPointAnnotation.m */ = {isa = PBXFileReference; fileEncoding = 4; lastKnownFileType = sourcecode.c.objc; path = MKPointAnnotation.m; sourceTree = "<group>"; };
		750C125216BC57440089C621 /* MKPolygon.h */ = {isa = PBXFileReference; fileEncoding = 4; lastKnownFileType = sourcecode.c.h; path = MKPolygon.h; sourceTree = "<group>"; };
		750C125316BC57440089C621 /* MKPolygon.m */ = {isa = PBXFileReference; fileEncoding = 4; lastKnownFileType = sourcecode.c.objc; path = MKPolygon.m; sourceTree = "<group>"; };
		750C125416BC57440089C621 /* MKPolygonView.h */ = {isa = PBXFileReference; fileEncoding = 4; lastKnownFileType = sourcecode.c.h; path = MKPolygonView.h; sourceTree = "<group>"; };
		750C125516BC57440089C621 /* MKPolygonView.m */ = {isa = PBXFileReference; fileEncoding = 4; lastKnownFileType = sourcecode.c.objc; path = MKPolygonView.m; sourceTree = "<group>"; };
		750C125616BC57440089C621 /* MKPolyline.h */ = {isa = PBXFileReference; fileEncoding = 4; lastKnownFileType = sourcecode.c.h; path = MKPolyline.h; sourceTree = "<group>"; };
		750C125716BC57440089C621 /* MKPolyline.m */ = {isa = PBXFileReference; fileEncoding = 4; lastKnownFileType = sourcecode.c.objc; path = MKPolyline.m; sourceTree = "<group>"; };
		750C125816BC57440089C621 /* MKPolylineView.h */ = {isa = PBXFileReference; fileEncoding = 4; lastKnownFileType = sourcecode.c.h; path = MKPolylineView.h; sourceTree = "<group>"; };
		750C125916BC57440089C621 /* MKPolylineView.m */ = {isa = PBXFileReference; fileEncoding = 4; lastKnownFileType = sourcecode.c.objc; path = MKPolylineView.m; sourceTree = "<group>"; };
		750C125A16BC57440089C621 /* MKReverseGeocoder.h */ = {isa = PBXFileReference; fileEncoding = 4; lastKnownFileType = sourcecode.c.h; path = MKReverseGeocoder.h; sourceTree = "<group>"; };
		750C125B16BC57440089C621 /* MKReverseGeocoder.m */ = {isa = PBXFileReference; fileEncoding = 4; lastKnownFileType = sourcecode.c.objc; path = MKReverseGeocoder.m; sourceTree = "<group>"; };
		750C125C16BC57440089C621 /* MKShape.h */ = {isa = PBXFileReference; fileEncoding = 4; lastKnownFileType = sourcecode.c.h; path = MKShape.h; sourceTree = "<group>"; };
		750C125D16BC57440089C621 /* MKShape.m */ = {isa = PBXFileReference; fileEncoding = 4; lastKnownFileType = sourcecode.c.objc; path = MKShape.m; sourceTree = "<group>"; };
		750C125E16BC57440089C621 /* MKTypes.h */ = {isa = PBXFileReference; fileEncoding = 4; lastKnownFileType = sourcecode.c.h; path = MKTypes.h; sourceTree = "<group>"; };
		750C125F16BC57440089C621 /* MKUserLocation+Private.h */ = {isa = PBXFileReference; fileEncoding = 4; lastKnownFileType = sourcecode.c.h; path = "MKUserLocation+Private.h"; sourceTree = "<group>"; };
		750C126016BC57440089C621 /* MKUserLocation+Private.m */ = {isa = PBXFileReference; fileEncoding = 4; lastKnownFileType = sourcecode.c.objc; path = "MKUserLocation+Private.m"; sourceTree = "<group>"; };
		750C126116BC57440089C621 /* MKUserLocation.h */ = {isa = PBXFileReference; fileEncoding = 4; lastKnownFileType = sourcecode.c.h; path = MKUserLocation.h; sourceTree = "<group>"; };
		750C126216BC57440089C621 /* MKUserLocation.m */ = {isa = PBXFileReference; fileEncoding = 4; lastKnownFileType = sourcecode.c.objc; path = MKUserLocation.m; sourceTree = "<group>"; };
		750C126316BC57440089C621 /* MKView.h */ = {isa = PBXFileReference; fileEncoding = 4; lastKnownFileType = sourcecode.c.h; path = MKView.h; sourceTree = "<group>"; };
		750C126416BC57440089C621 /* MKView.m */ = {isa = PBXFileReference; fileEncoding = 4; lastKnownFileType = sourcecode.c.objc; path = MKView.m; sourceTree = "<group>"; };
		750C126516BC57440089C621 /* MKWebView.h */ = {isa = PBXFileReference; fileEncoding = 4; lastKnownFileType = sourcecode.c.h; path = MKWebView.h; sourceTree = "<group>"; };
		750C126616BC57440089C621 /* MKWebView.m */ = {isa = PBXFileReference; fileEncoding = 4; lastKnownFileType = sourcecode.c.objc; path = MKWebView.m; sourceTree = "<group>"; };
		750C126716BC57440089C621 /* NSColor+Additions.h */ = {isa = PBXFileReference; fileEncoding = 4; lastKnownFileType = sourcecode.c.h; path = "NSColor+Additions.h"; sourceTree = "<group>"; };
		750C126816BC57440089C621 /* NSColor+Additions.m */ = {isa = PBXFileReference; fileEncoding = 4; lastKnownFileType = sourcecode.c.objc; path = "NSColor+Additions.m"; sourceTree = "<group>"; };
		750C126B16BC57440089C621 /* JSON.h */ = {isa = PBXFileReference; fileEncoding = 4; lastKnownFileType = sourcecode.c.h; path = JSON.h; sourceTree = "<group>"; };
		750C126C16BC57440089C621 /* NSObject+SBJSON.h */ = {isa = PBXFileReference; fileEncoding = 4; lastKnownFileType = sourcecode.c.h; path = "NSObject+SBJSON.h"; sourceTree = "<group>"; };
		750C126D16BC57440089C621 /* NSObject+SBJSON.m */ = {isa = PBXFileReference; fileEncoding = 4; lastKnownFileType = sourcecode.c.objc; path = "NSObject+SBJSON.m"; sourceTree = "<group>"; };
		750C126E16BC57440089C621 /* NSString+SBJSON.h */ = {isa = PBXFileReference; fileEncoding = 4; lastKnownFileType = sourcecode.c.h; path = "NSString+SBJSON.h"; sourceTree = "<group>"; };
		750C126F16BC57440089C621 /* NSString+SBJSON.m */ = {isa = PBXFileReference; fileEncoding = 4; lastKnownFileType = sourcecode.c.objc; path = "NSString+SBJSON.m"; sourceTree = "<group>"; };
		750C127016BC57440089C621 /* SBJSON.h */ = {isa = PBXFileReference; fileEncoding = 4; lastKnownFileType = sourcecode.c.h; path = SBJSON.h; sourceTree = "<group>"; };
		750C127116BC57440089C621 /* SBJSON.m */ = {isa = PBXFileReference; fileEncoding = 4; lastKnownFileType = sourcecode.c.objc; path = SBJSON.m; sourceTree = "<group>"; };
		750C127216BC57440089C621 /* SBJsonBase.h */ = {isa = PBXFileReference; fileEncoding = 4; lastKnownFileType = sourcecode.c.h; path = SBJsonBase.h; sourceTree = "<group>"; };
		750C127316BC57440089C621 /* SBJsonBase.m */ = {isa = PBXFileReference; fileEncoding = 4; lastKnownFileType = sourcecode.c.objc; path = SBJsonBase.m; sourceTree = "<group>"; };
		750C127416BC57440089C621 /* SBJsonParser.h */ = {isa = PBXFileReference; fileEncoding = 4; lastKnownFileType = sourcecode.c.h; path = SBJsonParser.h; sourceTree = "<group>"; };
		750C127516BC57440089C621 /* SBJsonParser.m */ = {isa = PBXFileReference; fileEncoding = 4; lastKnownFileType = sourcecode.c.objc; path = SBJsonParser.m; sourceTree = "<group>"; };
		750C127616BC57440089C621 /* SBJsonWriter.h */ = {isa = PBXFileReference; fileEncoding = 4; lastKnownFileType = sourcecode.c.h; path = SBJsonWriter.h; sourceTree = "<group>"; };
		750C127716BC57440089C621 /* SBJsonWriter.m */ = {isa = PBXFileReference; fileEncoding = 4; lastKnownFileType = sourcecode.c.objc; path = SBJsonWriter.m; sourceTree = "<group>"; };
		750C127916BC57440089C621 /* Animations.css */ = {isa = PBXFileReference; fileEncoding = 4; lastKnownFileType = text.css; path = Animations.css; sourceTree = "<group>"; };
		750C127A16BC57440089C621 /* License.rtf */ = {isa = PBXFileReference; fileEncoding = 4; lastKnownFileType = text.rtf; path = License.rtf; sourceTree = "<group>"; };
		750C127C16BC57440089C621 /* MapKit.html */ = {isa = PBXFileReference; fileEncoding = 4; lastKnownFileType = text.html; path = MapKit.html; sourceTree = "<group>"; };
		750C127D16BC57440089C621 /* MarkerTest.png */ = {isa = PBXFileReference; lastKnownFileType = image.png; path = MarkerTest.png; sourceTree = "<group>"; };
		750C127E16BC57440089C621 /* MKPinAnnotationColorGreen.png */ = {isa = PBXFileReference; lastKnownFileType = image.png; path = MKPinAnnotationColorGreen.png; sourceTree = "<group>"; };
		750C127F16BC57440089C621 /* MKPinAnnotationColorPurple.png */ = {isa = PBXFileReference; lastKnownFileType = image.png; path = MKPinAnnotationColorPurple.png; sourceTree = "<group>"; };
		750C128016BC57440089C621 /* MKPinAnnotationColorRed.png */ = {isa = PBXFileReference; lastKnownFileType = image.png; path = MKPinAnnotationColorRed.png; sourceTree = "<group>"; };
		750C128216BC57440089C621 /* Stylesheet.css */ = {isa = PBXFileReference; fileEncoding = 4; lastKnownFileType = text.css; path = Stylesheet.css; sourceTree = "<group>"; };
		750C128316BC57440089C621 /* TransparentPixel.png */ = {isa = PBXFileReference; lastKnownFileType = image.png; path = TransparentPixel.png; sourceTree = "<group>"; };
		750C12B016BC5DD90089C621 /* CoreLocation.framework */ = {isa = PBXFileReference; lastKnownFileType = wrapper.framework; name = CoreLocation.framework; path = System/Library/Frameworks/CoreLocation.framework; sourceTree = SDKROOT; };
		750C12B416BC68580089C621 /* SPABucketAnnotation.h */ = {isa = PBXFileReference; fileEncoding = 4; lastKnownFileType = sourcecode.c.h; path = SPABucketAnnotation.h; sourceTree = "<group>"; };
		750C12B516BC68580089C621 /* SPABucketAnnotation.m */ = {isa = PBXFileReference; fileEncoding = 4; lastKnownFileType = sourcecode.c.objc; path = SPABucketAnnotation.m; sourceTree = "<group>"; };
		755DDE0816AEF9B600AA8D29 /* SinglePicAdmin.app */ = {isa = PBXFileReference; explicitFileType = wrapper.application; includeInIndex = 0; path = SinglePicAdmin.app; sourceTree = BUILT_PRODUCTS_DIR; };
		755DDE0B16AEF9B600AA8D29 /* Cocoa.framework */ = {isa = PBXFileReference; lastKnownFileType = wrapper.framework; name = Cocoa.framework; path = System/Library/Frameworks/Cocoa.framework; sourceTree = SDKROOT; };
		755DDE0E16AEF9B600AA8D29 /* AppKit.framework */ = {isa = PBXFileReference; lastKnownFileType = wrapper.framework; name = AppKit.framework; path = System/Library/Frameworks/AppKit.framework; sourceTree = SDKROOT; };
		755DDE0F16AEF9B600AA8D29 /* CoreData.framework */ = {isa = PBXFileReference; lastKnownFileType = wrapper.framework; name = CoreData.framework; path = System/Library/Frameworks/CoreData.framework; sourceTree = SDKROOT; };
		755DDE1016AEF9B600AA8D29 /* Foundation.framework */ = {isa = PBXFileReference; lastKnownFileType = wrapper.framework; name = Foundation.framework; path = System/Library/Frameworks/Foundation.framework; sourceTree = SDKROOT; };
		755DDE1316AEF9B600AA8D29 /* SinglePicAdmin-Info.plist */ = {isa = PBXFileReference; lastKnownFileType = text.plist.xml; path = "SinglePicAdmin-Info.plist"; sourceTree = "<group>"; };
		755DDE1516AEF9B600AA8D29 /* en */ = {isa = PBXFileReference; lastKnownFileType = text.plist.strings; name = en; path = en.lproj/InfoPlist.strings; sourceTree = "<group>"; };
		755DDE1716AEF9B600AA8D29 /* main.m */ = {isa = PBXFileReference; lastKnownFileType = sourcecode.c.objc; path = main.m; sourceTree = "<group>"; };
		755DDE1916AEF9B600AA8D29 /* SinglePicAdmin-Prefix.pch */ = {isa = PBXFileReference; lastKnownFileType = sourcecode.c.h; path = "SinglePicAdmin-Prefix.pch"; sourceTree = "<group>"; };
		755DDE1B16AEF9B600AA8D29 /* en */ = {isa = PBXFileReference; lastKnownFileType = text.rtf; name = en; path = en.lproj/Credits.rtf; sourceTree = "<group>"; };
		755DDE1D16AEF9B600AA8D29 /* SPAAppDelegate.h */ = {isa = PBXFileReference; lastKnownFileType = sourcecode.c.h; path = SPAAppDelegate.h; sourceTree = "<group>"; };
		755DDE1E16AEF9B600AA8D29 /* SPAAppDelegate.m */ = {isa = PBXFileReference; lastKnownFileType = sourcecode.c.objc; path = SPAAppDelegate.m; sourceTree = "<group>"; };
		755DDE2116AEF9B600AA8D29 /* en */ = {isa = PBXFileReference; lastKnownFileType = file.xib; name = en; path = en.lproj/MainMenu.xib; sourceTree = "<group>"; };
		755DDE2816AEF9E800AA8D29 /* SinglePicCommon.framework */ = {isa = PBXFileReference; lastKnownFileType = wrapper.framework; path = SinglePicCommon.framework; sourceTree = BUILT_PRODUCTS_DIR; };
		75BA3B1E16B3157C00CE1710 /* messageStorage 2.xcdatamodel */ = {isa = PBXFileReference; lastKnownFileType = wrapper.xcdatamodel; path = "messageStorage 2.xcdatamodel"; sourceTree = "<group>"; };
		F05EFA4916B2C1E300AB0929 /* appicon114.png */ = {isa = PBXFileReference; lastKnownFileType = image.png; name = appicon114.png; path = ../appicon114.png; sourceTree = "<group>"; };
		F0AC302516BD5A3B0031535F /* WebKit.framework */ = {isa = PBXFileReference; lastKnownFileType = wrapper.framework; name = WebKit.framework; path = System/Library/Frameworks/WebKit.framework; sourceTree = SDKROOT; };
		F0F1585816B4055E00E831B7 /* Orientation-MsM-default.png */ = {isa = PBXFileReference; lastKnownFileType = image.png; path = "Orientation-MsM-default.png"; sourceTree = "<group>"; };
		F0F1585916B4055E00E831B7 /* Orientation-FsF-default.png */ = {isa = PBXFileReference; lastKnownFileType = image.png; path = "Orientation-FsF-default.png"; sourceTree = "<group>"; };
		F0F1585A16B4055E00E831B7 /* Orientation-MsF-default.png */ = {isa = PBXFileReference; lastKnownFileType = image.png; path = "Orientation-MsF-default.png"; sourceTree = "<group>"; };
		F0F1585B16B4055E00E831B7 /* Orientation-FsM-default.png */ = {isa = PBXFileReference; lastKnownFileType = image.png; path = "Orientation-FsM-default.png"; sourceTree = "<group>"; };
		F0F1586816B6B7BC00E831B7 /* SPErrorNotifier.h */ = {isa = PBXFileReference; fileEncoding = 4; lastKnownFileType = sourcecode.c.h; path = SPErrorNotifier.h; sourceTree = "<group>"; };
		F0F1586916B6B7BC00E831B7 /* SPErrorNotifier.m */ = {isa = PBXFileReference; fileEncoding = 4; lastKnownFileType = sourcecode.c.objc; path = SPErrorNotifier.m; sourceTree = "<group>"; };
/* End PBXFileReference section */

/* Begin PBXFrameworksBuildPhase section */
		755DDE0516AEF9B600AA8D29 /* Frameworks */ = {
			isa = PBXFrameworksBuildPhase;
			buildActionMask = 2147483647;
			files = (
				F0AC302616BD5A3B0031535F /* WebKit.framework in Frameworks */,
				750C12B116BC5DDB0089C621 /* CoreLocation.framework in Frameworks */,
				755DDE5216AF047200AA8D29 /* SinglePicCommon.framework in Frameworks */,
				755DDE0C16AEF9B600AA8D29 /* Cocoa.framework in Frameworks */,
			);
			runOnlyForDeploymentPostprocessing = 0;
		};
/* End PBXFrameworksBuildPhase section */

/* Begin PBXGroup section */
		750C122B16BC57330089C621 /* Libraries */ = {
			isa = PBXGroup;
			children = (
				750C122C16BC57440089C621 /* MapKit */,
			);
			name = Libraries;
			path = ..;
			sourceTree = "<group>";
		};
		750C122C16BC57440089C621 /* MapKit */ = {
			isa = PBXGroup;
			children = (
				750C122D16BC57440089C621 /* Classes */,
				750C127816BC57440089C621 /* Resources */,
			);
			name = MapKit;
			path = SinglePicAdmin/MapKit;
			sourceTree = "<group>";
		};
		750C122D16BC57440089C621 /* Classes */ = {
			isa = PBXGroup;
			children = (
				750C122E16BC57440089C621 /* MapKit.h */,
				750C122F16BC57440089C621 /* MKAnnotation.h */,
				750C123016BC57440089C621 /* MKAnnotationView.h */,
				750C123116BC57440089C621 /* MKAnnotationView.m */,
				750C123216BC57440089C621 /* MKCircle.h */,
				750C123316BC57440089C621 /* MKCircle.m */,
				750C123416BC57440089C621 /* MKCircleView.h */,
				750C123516BC57440089C621 /* MKCircleView.m */,
				750C123616BC57440089C621 /* MKGeocoder.h */,
				750C123716BC57440089C621 /* MKGeocoder.m */,
				750C123816BC57440089C621 /* MKGeometry.h */,
				750C123916BC57440089C621 /* MKMapView+Additions.h */,
				750C123A16BC57440089C621 /* MKMapView+Additions.m */,
				750C123B16BC57440089C621 /* MKMapView+DelegateWrappers.h */,
				750C123C16BC57440089C621 /* MKMapView+DelegateWrappers.m */,
				750C123D16BC57440089C621 /* MKMapView+Private.h */,
				750C123E16BC57440089C621 /* MKMapView+Private.m */,
				750C123F16BC57440089C621 /* MKMapView+WebViewIntegration.h */,
				750C124016BC57440089C621 /* MKMapView+WebViewIntegration.m */,
				750C124116BC57440089C621 /* MKMapView.h */,
				750C124216BC57440089C621 /* MKMapView.m */,
				750C124316BC57440089C621 /* MKMultiPoint.h */,
				750C124416BC57440089C621 /* MKMultiPoint.m */,
				750C124516BC57440089C621 /* MKOverlay.h */,
				750C124616BC57440089C621 /* MKOverlayPathView.h */,
				750C124716BC57440089C621 /* MKOverlayPathView.m */,
				750C124816BC57440089C621 /* MKOverlayView.h */,
				750C124916BC57440089C621 /* MKOverlayView.m */,
				750C124A16BC57440089C621 /* MKPinAnnotationView.h */,
				750C124B16BC57440089C621 /* MKPinAnnotationView.m */,
				750C124C16BC57440089C621 /* MKPlacemark+Private.h */,
				750C124D16BC57440089C621 /* MKPlacemark+Private.m */,
				750C124E16BC57440089C621 /* MKPlacemark.h */,
				750C124F16BC57440089C621 /* MKPlacemark.m */,
				750C125016BC57440089C621 /* MKPointAnnotation.h */,
				750C125116BC57440089C621 /* MKPointAnnotation.m */,
				750C125216BC57440089C621 /* MKPolygon.h */,
				750C125316BC57440089C621 /* MKPolygon.m */,
				750C125416BC57440089C621 /* MKPolygonView.h */,
				750C125516BC57440089C621 /* MKPolygonView.m */,
				750C125616BC57440089C621 /* MKPolyline.h */,
				750C125716BC57440089C621 /* MKPolyline.m */,
				750C125816BC57440089C621 /* MKPolylineView.h */,
				750C125916BC57440089C621 /* MKPolylineView.m */,
				750C125A16BC57440089C621 /* MKReverseGeocoder.h */,
				750C125B16BC57440089C621 /* MKReverseGeocoder.m */,
				750C125C16BC57440089C621 /* MKShape.h */,
				750C125D16BC57440089C621 /* MKShape.m */,
				750C125E16BC57440089C621 /* MKTypes.h */,
				750C125F16BC57440089C621 /* MKUserLocation+Private.h */,
				750C126016BC57440089C621 /* MKUserLocation+Private.m */,
				750C126116BC57440089C621 /* MKUserLocation.h */,
				750C126216BC57440089C621 /* MKUserLocation.m */,
				750C126316BC57440089C621 /* MKView.h */,
				750C126416BC57440089C621 /* MKView.m */,
				750C126516BC57440089C621 /* MKWebView.h */,
				750C126616BC57440089C621 /* MKWebView.m */,
				750C126716BC57440089C621 /* NSColor+Additions.h */,
				750C126816BC57440089C621 /* NSColor+Additions.m */,
				750C126916BC57440089C621 /* Third Party */,
			);
			path = Classes;
			sourceTree = "<group>";
		};
		750C126916BC57440089C621 /* Third Party */ = {
			isa = PBXGroup;
			children = (
				750C126A16BC57440089C621 /* SBJSON */,
			);
			path = "Third Party";
			sourceTree = "<group>";
		};
		750C126A16BC57440089C621 /* SBJSON */ = {
			isa = PBXGroup;
			children = (
				750C126B16BC57440089C621 /* JSON.h */,
				750C126C16BC57440089C621 /* NSObject+SBJSON.h */,
				750C126D16BC57440089C621 /* NSObject+SBJSON.m */,
				750C126E16BC57440089C621 /* NSString+SBJSON.h */,
				750C126F16BC57440089C621 /* NSString+SBJSON.m */,
				750C127016BC57440089C621 /* SBJSON.h */,
				750C127116BC57440089C621 /* SBJSON.m */,
				750C127216BC57440089C621 /* SBJsonBase.h */,
				750C127316BC57440089C621 /* SBJsonBase.m */,
				750C127416BC57440089C621 /* SBJsonParser.h */,
				750C127516BC57440089C621 /* SBJsonParser.m */,
				750C127616BC57440089C621 /* SBJsonWriter.h */,
				750C127716BC57440089C621 /* SBJsonWriter.m */,
			);
			path = SBJSON;
			sourceTree = "<group>";
		};
		750C127816BC57440089C621 /* Resources */ = {
			isa = PBXGroup;
			children = (
				750C127916BC57440089C621 /* Animations.css */,
				750C127A16BC57440089C621 /* License.rtf */,
				750C127C16BC57440089C621 /* MapKit.html */,
				750C127D16BC57440089C621 /* MarkerTest.png */,
				750C127E16BC57440089C621 /* MKPinAnnotationColorGreen.png */,
				750C127F16BC57440089C621 /* MKPinAnnotationColorPurple.png */,
				750C128016BC57440089C621 /* MKPinAnnotationColorRed.png */,
				750C128216BC57440089C621 /* Stylesheet.css */,
				750C128316BC57440089C621 /* TransparentPixel.png */,
			);
			path = Resources;
			sourceTree = "<group>";
		};
		755DDDFF16AEF9B600AA8D29 = {
			isa = PBXGroup;
			children = (
				755DDE1116AEF9B600AA8D29 /* SinglePicAdmin */,
				755DDE0A16AEF9B600AA8D29 /* Frameworks */,
				755DDE0916AEF9B600AA8D29 /* Products */,
			);
			sourceTree = "<group>";
		};
		755DDE0916AEF9B600AA8D29 /* Products */ = {
			isa = PBXGroup;
			children = (
				755DDE0816AEF9B600AA8D29 /* SinglePicAdmin.app */,
			);
			name = Products;
			sourceTree = "<group>";
		};
		755DDE0A16AEF9B600AA8D29 /* Frameworks */ = {
			isa = PBXGroup;
			children = (
				F0AC302516BD5A3B0031535F /* WebKit.framework */,
				750C12B016BC5DD90089C621 /* CoreLocation.framework */,
				755DDE2816AEF9E800AA8D29 /* SinglePicCommon.framework */,
				755DDE0E16AEF9B600AA8D29 /* AppKit.framework */,
				755DDE0F16AEF9B600AA8D29 /* CoreData.framework */,
				755DDE1016AEF9B600AA8D29 /* Foundation.framework */,
				755DDE0B16AEF9B600AA8D29 /* Cocoa.framework */,
			);
			name = Frameworks;
			sourceTree = "<group>";
		};
		755DDE1116AEF9B600AA8D29 /* SinglePicAdmin */ = {
			isa = PBXGroup;
			children = (
				750C122B16BC57330089C621 /* Libraries */,
				F05EFA3316B2B89500AB0929 /* Resources */,
				755DDE1D16AEF9B600AA8D29 /* SPAAppDelegate.h */,
				755DDE1E16AEF9B600AA8D29 /* SPAAppDelegate.m */,
				755DDE1216AEF9B600AA8D29 /* Supporting Files */,
				F0F1586816B6B7BC00E831B7 /* SPErrorNotifier.h */,
				F0F1586916B6B7BC00E831B7 /* SPErrorNotifier.m */,
				750C12B416BC68580089C621 /* SPABucketAnnotation.h */,
				750C12B516BC68580089C621 /* SPABucketAnnotation.m */,
			);
			path = SinglePicAdmin;
			sourceTree = "<group>";
		};
		755DDE1216AEF9B600AA8D29 /* Supporting Files */ = {
			isa = PBXGroup;
			children = (
				755DDE1316AEF9B600AA8D29 /* SinglePicAdmin-Info.plist */,
				755DDE1416AEF9B600AA8D29 /* InfoPlist.strings */,
				755DDE1716AEF9B600AA8D29 /* main.m */,
				755DDE1916AEF9B600AA8D29 /* SinglePicAdmin-Prefix.pch */,
				755DDE1A16AEF9B600AA8D29 /* Credits.rtf */,
			);
			name = "Supporting Files";
			sourceTree = "<group>";
		};
		F05EFA3316B2B89500AB0929 /* Resources */ = {
			isa = PBXGroup;
			children = (
				F0F1585816B4055E00E831B7 /* Orientation-MsM-default.png */,
				F0F1585916B4055E00E831B7 /* Orientation-FsF-default.png */,
				F0F1585A16B4055E00E831B7 /* Orientation-MsF-default.png */,
				F0F1585B16B4055E00E831B7 /* Orientation-FsM-default.png */,
				75BA3B1D16B3157C00CE1710 /* messageStorage.xcdatamodeld */,
				F05EFA4916B2C1E300AB0929 /* appicon114.png */,
				755DDE2016AEF9B600AA8D29 /* MainMenu.xib */,
			);
			name = Resources;
			sourceTree = "<group>";
		};
/* End PBXGroup section */

/* Begin PBXNativeTarget section */
		755DDE0716AEF9B600AA8D29 /* SinglePicAdmin */ = {
			isa = PBXNativeTarget;
			buildConfigurationList = 755DDE2516AEF9B600AA8D29 /* Build configuration list for PBXNativeTarget "SinglePicAdmin" */;
			buildPhases = (
				755DDE0616AEF9B600AA8D29 /* Resources */,
				755DDE0416AEF9B600AA8D29 /* Sources */,
				755DDE0516AEF9B600AA8D29 /* Frameworks */,
			);
			buildRules = (
			);
			dependencies = (
			);
			name = SinglePicAdmin;
			productName = SinglePicAdmin;
			productReference = 755DDE0816AEF9B600AA8D29 /* SinglePicAdmin.app */;
			productType = "com.apple.product-type.application";
		};
/* End PBXNativeTarget section */

/* Begin PBXProject section */
		755DDE0016AEF9B600AA8D29 /* Project object */ = {
			isa = PBXProject;
			attributes = {
				CLASSPREFIX = SPA;
				LastUpgradeCheck = 0460;
				ORGANIZATIONNAME = "Ryan Renna";
			};
			buildConfigurationList = 755DDE0316AEF9B600AA8D29 /* Build configuration list for PBXProject "SinglePicAdmin" */;
			compatibilityVersion = "Xcode 3.2";
			developmentRegion = English;
			hasScannedForEncodings = 0;
			knownRegions = (
				en,
			);
			mainGroup = 755DDDFF16AEF9B600AA8D29;
			productRefGroup = 755DDE0916AEF9B600AA8D29 /* Products */;
			projectDirPath = "";
			projectRoot = "";
			targets = (
				755DDE0716AEF9B600AA8D29 /* SinglePicAdmin */,
			);
		};
/* End PBXProject section */

/* Begin PBXResourcesBuildPhase section */
		755DDE0616AEF9B600AA8D29 /* Resources */ = {
			isa = PBXResourcesBuildPhase;
			buildActionMask = 2147483647;
			files = (
				755DDE1616AEF9B600AA8D29 /* InfoPlist.strings in Resources */,
				755DDE1C16AEF9B600AA8D29 /* Credits.rtf in Resources */,
				755DDE2216AEF9B600AA8D29 /* MainMenu.xib in Resources */,
				F05EFA4A16B2C1E300AB0929 /* appicon114.png in Resources */,
				F0F1585C16B4055E00E831B7 /* Orientation-MsM-default.png in Resources */,
				F0F1585D16B4055E00E831B7 /* Orientation-FsF-default.png in Resources */,
				F0F1585E16B4055E00E831B7 /* Orientation-MsF-default.png in Resources */,
				F0F1585F16B4055E00E831B7 /* Orientation-FsM-default.png in Resources */,
				750C12A516BC57440089C621 /* Animations.css in Resources */,
				750C12A616BC57440089C621 /* License.rtf in Resources */,
				750C12A816BC57440089C621 /* MapKit.html in Resources */,
				750C12A916BC57440089C621 /* MarkerTest.png in Resources */,
				750C12AA16BC57440089C621 /* MKPinAnnotationColorGreen.png in Resources */,
				750C12AB16BC57440089C621 /* MKPinAnnotationColorPurple.png in Resources */,
				750C12AC16BC57440089C621 /* MKPinAnnotationColorRed.png in Resources */,
				750C12AE16BC57440089C621 /* Stylesheet.css in Resources */,
				750C12AF16BC57440089C621 /* TransparentPixel.png in Resources */,
			);
			runOnlyForDeploymentPostprocessing = 0;
		};
/* End PBXResourcesBuildPhase section */

/* Begin PBXSourcesBuildPhase section */
		755DDE0416AEF9B600AA8D29 /* Sources */ = {
			isa = PBXSourcesBuildPhase;
			buildActionMask = 2147483647;
			files = (
				755DDE1816AEF9B600AA8D29 /* main.m in Sources */,
				755DDE1F16AEF9B600AA8D29 /* SPAAppDelegate.m in Sources */,
				75BA3B1F16B3157C00CE1710 /* messageStorage.xcdatamodeld in Sources */,
				F0F1586A16B6B7BC00E831B7 /* SPErrorNotifier.m in Sources */,
				750C128416BC57440089C621 /* MKAnnotationView.m in Sources */,
				750C128516BC57440089C621 /* MKCircle.m in Sources */,
				750C128616BC57440089C621 /* MKCircleView.m in Sources */,
				750C128716BC57440089C621 /* MKGeocoder.m in Sources */,
				750C128816BC57440089C621 /* MKMapView+Additions.m in Sources */,
				750C128916BC57440089C621 /* MKMapView+DelegateWrappers.m in Sources */,
				750C128A16BC57440089C621 /* MKMapView+Private.m in Sources */,
				750C128B16BC57440089C621 /* MKMapView+WebViewIntegration.m in Sources */,
				750C128C16BC57440089C621 /* MKMapView.m in Sources */,
				750C128D16BC57440089C621 /* MKMultiPoint.m in Sources */,
				750C128E16BC57440089C621 /* MKOverlayPathView.m in Sources */,
				750C128F16BC57440089C621 /* MKOverlayView.m in Sources */,
				750C129016BC57440089C621 /* MKPinAnnotationView.m in Sources */,
				750C129116BC57440089C621 /* MKPlacemark+Private.m in Sources */,
				750C129216BC57440089C621 /* MKPlacemark.m in Sources */,
				750C129316BC57440089C621 /* MKPointAnnotation.m in Sources */,
				750C129416BC57440089C621 /* MKPolygon.m in Sources */,
				750C129516BC57440089C621 /* MKPolygonView.m in Sources */,
				750C129616BC57440089C621 /* MKPolyline.m in Sources */,
				750C129716BC57440089C621 /* MKPolylineView.m in Sources */,
				750C129816BC57440089C621 /* MKReverseGeocoder.m in Sources */,
				750C129916BC57440089C621 /* MKShape.m in Sources */,
				750C129A16BC57440089C621 /* MKUserLocation+Private.m in Sources */,
				750C129B16BC57440089C621 /* MKUserLocation.m in Sources */,
				750C129C16BC57440089C621 /* MKView.m in Sources */,
				750C129D16BC57440089C621 /* MKWebView.m in Sources */,
				750C129E16BC57440089C621 /* NSColor+Additions.m in Sources */,
				750C129F16BC57440089C621 /* NSObject+SBJSON.m in Sources */,
				750C12A016BC57440089C621 /* NSString+SBJSON.m in Sources */,
				750C12A116BC57440089C621 /* SBJSON.m in Sources */,
				750C12A216BC57440089C621 /* SBJsonBase.m in Sources */,
				750C12A316BC57440089C621 /* SBJsonParser.m in Sources */,
				750C12A416BC57440089C621 /* SBJsonWriter.m in Sources */,
				750C12B616BC68580089C621 /* SPABucketAnnotation.m in Sources */,
			);
			runOnlyForDeploymentPostprocessing = 0;
		};
/* End PBXSourcesBuildPhase section */

/* Begin PBXVariantGroup section */
		755DDE1416AEF9B600AA8D29 /* InfoPlist.strings */ = {
			isa = PBXVariantGroup;
			children = (
				755DDE1516AEF9B600AA8D29 /* en */,
			);
			name = InfoPlist.strings;
			sourceTree = "<group>";
		};
		755DDE1A16AEF9B600AA8D29 /* Credits.rtf */ = {
			isa = PBXVariantGroup;
			children = (
				755DDE1B16AEF9B600AA8D29 /* en */,
			);
			name = Credits.rtf;
			sourceTree = "<group>";
		};
		755DDE2016AEF9B600AA8D29 /* MainMenu.xib */ = {
			isa = PBXVariantGroup;
			children = (
				755DDE2116AEF9B600AA8D29 /* en */,
			);
			name = MainMenu.xib;
			sourceTree = "<group>";
		};
/* End PBXVariantGroup section */

/* Begin XCBuildConfiguration section */
		755DDE2316AEF9B600AA8D29 /* Debug */ = {
			isa = XCBuildConfiguration;
			buildSettings = {
				ALWAYS_SEARCH_USER_PATHS = YES;
				ARCHS = "$(ARCHS_STANDARD_64_BIT)";
				CLANG_CXX_LANGUAGE_STANDARD = "gnu++0x";
				CLANG_CXX_LIBRARY = "libc++";
				CLANG_ENABLE_OBJC_ARC = YES;
				CLANG_WARN_CONSTANT_CONVERSION = YES;
				CLANG_WARN_EMPTY_BODY = YES;
				CLANG_WARN_ENUM_CONVERSION = YES;
				CLANG_WARN_INT_CONVERSION = YES;
				CLANG_WARN__DUPLICATE_METHOD_MATCH = YES;
				COPY_PHASE_STRIP = NO;
				GCC_C_LANGUAGE_STANDARD = gnu99;
				GCC_DYNAMIC_NO_PIC = NO;
				GCC_ENABLE_OBJC_EXCEPTIONS = YES;
				GCC_OPTIMIZATION_LEVEL = 0;
				GCC_PREPROCESSOR_DEFINITIONS = (
					"$(inherited)",
					"DEBUG=1",
					"PRIVATE=1",
				);
				GCC_SYMBOLS_PRIVATE_EXTERN = NO;
				GCC_WARN_64_TO_32_BIT_CONVERSION = YES;
				GCC_WARN_ABOUT_RETURN_TYPE = YES;
				GCC_WARN_UNINITIALIZED_AUTOS = YES;
				GCC_WARN_UNUSED_VARIABLE = YES;
				MACOSX_DEPLOYMENT_TARGET = 10.8;
				ONLY_ACTIVE_ARCH = YES;
				SDKROOT = macosx;
			};
			name = Debug;
		};
		755DDE2416AEF9B600AA8D29 /* Release */ = {
			isa = XCBuildConfiguration;
			buildSettings = {
				ALWAYS_SEARCH_USER_PATHS = YES;
				ARCHS = "$(ARCHS_STANDARD_64_BIT)";
				CLANG_CXX_LANGUAGE_STANDARD = "gnu++0x";
				CLANG_CXX_LIBRARY = "libc++";
				CLANG_ENABLE_OBJC_ARC = YES;
				CLANG_WARN_CONSTANT_CONVERSION = YES;
				CLANG_WARN_EMPTY_BODY = YES;
				CLANG_WARN_ENUM_CONVERSION = YES;
				CLANG_WARN_INT_CONVERSION = YES;
				CLANG_WARN__DUPLICATE_METHOD_MATCH = YES;
				COPY_PHASE_STRIP = YES;
				DEBUG_INFORMATION_FORMAT = "dwarf-with-dsym";
				GCC_C_LANGUAGE_STANDARD = gnu99;
				GCC_ENABLE_OBJC_EXCEPTIONS = YES;
				GCC_WARN_64_TO_32_BIT_CONVERSION = YES;
				GCC_WARN_ABOUT_RETURN_TYPE = YES;
				GCC_WARN_UNINITIALIZED_AUTOS = YES;
				GCC_WARN_UNUSED_VARIABLE = YES;
				MACOSX_DEPLOYMENT_TARGET = 10.8;
				SDKROOT = macosx;
			};
			name = Release;
		};
		755DDE2616AEF9B600AA8D29 /* Debug */ = {
			isa = XCBuildConfiguration;
			buildSettings = {
				COMBINE_HIDPI_IMAGES = YES;
				FRAMEWORK_SEARCH_PATHS = (
					"$(inherited)",
					"\"/Users/rrenna/Library/Developer/Xcode/DerivedData/SinglePic-gyitplqcsppdtcbnfuqrmhpqpdsa/Build/Products/Debug\"",
					"$(BUILT_PRODUCTS_DIR)/../../Headers/**",
				);
				GCC_PRECOMPILE_PREFIX_HEADER = YES;
				GCC_PREFIX_HEADER = "SinglePicAdmin/SinglePicAdmin-Prefix.pch";
				HEADER_SEARCH_PATHS = "$(BUILT_PRODUCTS_DIR)/../../Headers/**";
				INFOPLIST_FILE = "SinglePicAdmin/SinglePicAdmin-Info.plist";
				MACOSX_DEPLOYMENT_TARGET = 10.7;
				OTHER_LDFLAGS = (
					"-all_load",
					"-ObjC",
				);
				PRODUCT_NAME = "$(TARGET_NAME)";
				WRAPPER_EXTENSION = app;
			};
			name = Debug;
		};
		755DDE2716AEF9B600AA8D29 /* Release */ = {
			isa = XCBuildConfiguration;
			buildSettings = {
				COMBINE_HIDPI_IMAGES = YES;
				FRAMEWORK_SEARCH_PATHS = (
					"$(inherited)",
					"\"/Users/rrenna/Library/Developer/Xcode/DerivedData/SinglePic-gyitplqcsppdtcbnfuqrmhpqpdsa/Build/Products/Debug\"",
					"$(BUILT_PRODUCTS_DIR)/../../Headers/**",
				);
				GCC_PRECOMPILE_PREFIX_HEADER = YES;
				GCC_PREFIX_HEADER = "SinglePicAdmin/SinglePicAdmin-Prefix.pch";
				HEADER_SEARCH_PATHS = "$(BUILT_PRODUCTS_DIR)/../../Headers/**";
				INFOPLIST_FILE = "SinglePicAdmin/SinglePicAdmin-Info.plist";
				MACOSX_DEPLOYMENT_TARGET = 10.7;
				OTHER_LDFLAGS = (
					"-all_load",
					"-ObjC",
				);
				PRODUCT_NAME = "$(TARGET_NAME)";
				WRAPPER_EXTENSION = app;
			};
			name = Release;
		};
/* End XCBuildConfiguration section */

/* Begin XCConfigurationList section */
		755DDE0316AEF9B600AA8D29 /* Build configuration list for PBXProject "SinglePicAdmin" */ = {
			isa = XCConfigurationList;
			buildConfigurations = (
				755DDE2316AEF9B600AA8D29 /* Debug */,
				755DDE2416AEF9B600AA8D29 /* Release */,
			);
			defaultConfigurationIsVisible = 0;
			defaultConfigurationName = Release;
		};
		755DDE2516AEF9B600AA8D29 /* Build configuration list for PBXNativeTarget "SinglePicAdmin" */ = {
			isa = XCConfigurationList;
			buildConfigurations = (
				755DDE2616AEF9B600AA8D29 /* Debug */,
				755DDE2716AEF9B600AA8D29 /* Release */,
			);
			defaultConfigurationIsVisible = 0;
			defaultConfigurationName = Release;
		};
/* End XCConfigurationList section */

/* Begin XCVersionGroup section */
		75BA3B1D16B3157C00CE1710 /* messageStorage.xcdatamodeld */ = {
			isa = XCVersionGroup;
			children = (
				75BA3B1E16B3157C00CE1710 /* messageStorage 2.xcdatamodel */,
			);
			currentVersion = 75BA3B1E16B3157C00CE1710 /* messageStorage 2.xcdatamodel */;
			name = messageStorage.xcdatamodeld;
			path = ../../../SinglePicCommon/SinglePicCommon/SinglePicCommon/messageStorage.xcdatamodeld;
			sourceTree = "<group>";
			versionGroupType = wrapper.xcdatamodel;
		};
/* End XCVersionGroup section */
	};
	rootObject = 755DDE0016AEF9B600AA8D29 /* Project object */;
}
